// !$*UTF8*$!
{
	archiveVersion = 1;
	classes = {
	};
	objectVersion = 56;
	objects = {

/* Begin PBXBuildFile section */
		C52EC5912C300679004F6BDB /* BookLocationData.swift in Sources */ = {isa = PBXBuildFile; fileRef = C52EC5902C300679004F6BDB /* BookLocationData.swift */; };
		C52EC5932C3012AA004F6BDB /* AnnotationView.swift in Sources */ = {isa = PBXBuildFile; fileRef = C52EC5922C3012AA004F6BDB /* AnnotationView.swift */; };
		C52EC5952C305F21004F6BDB /* LocationManager.swift in Sources */ = {isa = PBXBuildFile; fileRef = C52EC5942C305F21004F6BDB /* LocationManager.swift */; };
		C5315E1A2C11A6B300C96F96 /* BookMapModel.swift in Sources */ = {isa = PBXBuildFile; fileRef = C5315E192C11A6B300C96F96 /* BookMapModel.swift */; };
		C5315E1C2C11A6BC00C96F96 /* BookMapView.swift in Sources */ = {isa = PBXBuildFile; fileRef = C5315E1B2C11A6BC00C96F96 /* BookMapView.swift */; };
		C5315E1E2C12DF5500C96F96 /* BookMapViewModel.swift in Sources */ = {isa = PBXBuildFile; fileRef = C5315E1D2C12DF5500C96F96 /* BookMapViewModel.swift */; };
		C5CA661B2BF261B6007BDAC8 /* Home.swift in Sources */ = {isa = PBXBuildFile; fileRef = C5CA661A2BF261B6007BDAC8 /* Home.swift */; };
		C5CA661D2BF2623E007BDAC8 /* MapView.swift in Sources */ = {isa = PBXBuildFile; fileRef = C5CA661C2BF2623E007BDAC8 /* MapView.swift */; };
		C5CA661F2BF2632D007BDAC8 /* MapViewModel.swift in Sources */ = {isa = PBXBuildFile; fileRef = C5CA661E2BF2632D007BDAC8 /* MapViewModel.swift */; };
		C5CA66222BF267E9007BDAC8 /* MapAnnotationView.swift in Sources */ = {isa = PBXBuildFile; fileRef = C5CA66212BF267E9007BDAC8 /* MapAnnotationView.swift */; };
		C5CE904D2BEB43F100D76233 /* PracticeMapKitApp.swift in Sources */ = {isa = PBXBuildFile; fileRef = C5CE904C2BEB43F100D76233 /* PracticeMapKitApp.swift */; };
		C5CE904F2BEB43F100D76233 /* ContentView.swift in Sources */ = {isa = PBXBuildFile; fileRef = C5CE904E2BEB43F100D76233 /* ContentView.swift */; };
		C5CE90512BEB43F200D76233 /* Assets.xcassets in Resources */ = {isa = PBXBuildFile; fileRef = C5CE90502BEB43F200D76233 /* Assets.xcassets */; };
		C5CE90542BEB43F200D76233 /* Preview Assets.xcassets in Resources */ = {isa = PBXBuildFile; fileRef = C5CE90532BEB43F200D76233 /* Preview Assets.xcassets */; };
		C5DFEF822BFD9D8C00E5C3E7 /* Place.swift in Sources */ = {isa = PBXBuildFile; fileRef = C5DFEF812BFD9D8C00E5C3E7 /* Place.swift */; };
/* End PBXBuildFile section */

/* Begin PBXFileReference section */
		C52EC5902C300679004F6BDB /* BookLocationData.swift */ = {isa = PBXFileReference; lastKnownFileType = sourcecode.swift; path = BookLocationData.swift; sourceTree = "<group>"; };
		C52EC5922C3012AA004F6BDB /* AnnotationView.swift */ = {isa = PBXFileReference; lastKnownFileType = sourcecode.swift; path = AnnotationView.swift; sourceTree = "<group>"; };
		C52EC5942C305F21004F6BDB /* LocationManager.swift */ = {isa = PBXFileReference; lastKnownFileType = sourcecode.swift; path = LocationManager.swift; sourceTree = "<group>"; };
		C5315E192C11A6B300C96F96 /* BookMapModel.swift */ = {isa = PBXFileReference; lastKnownFileType = sourcecode.swift; path = BookMapModel.swift; sourceTree = "<group>"; };
		C5315E1B2C11A6BC00C96F96 /* BookMapView.swift */ = {isa = PBXFileReference; lastKnownFileType = sourcecode.swift; path = BookMapView.swift; sourceTree = "<group>"; };
		C5315E1D2C12DF5500C96F96 /* BookMapViewModel.swift */ = {isa = PBXFileReference; lastKnownFileType = sourcecode.swift; path = BookMapViewModel.swift; sourceTree = "<group>"; };
		C5CA661A2BF261B6007BDAC8 /* Home.swift */ = {isa = PBXFileReference; lastKnownFileType = sourcecode.swift; path = Home.swift; sourceTree = "<group>"; };
		C5CA661C2BF2623E007BDAC8 /* MapView.swift */ = {isa = PBXFileReference; lastKnownFileType = sourcecode.swift; path = MapView.swift; sourceTree = "<group>"; };
		C5CA661E2BF2632D007BDAC8 /* MapViewModel.swift */ = {isa = PBXFileReference; lastKnownFileType = sourcecode.swift; path = MapViewModel.swift; sourceTree = "<group>"; };
		C5CA66202BF26747007BDAC8 /* Info.plist */ = {isa = PBXFileReference; lastKnownFileType = text.plist; path = Info.plist; sourceTree = "<group>"; };
		C5CA66212BF267E9007BDAC8 /* MapAnnotationView.swift */ = {isa = PBXFileReference; lastKnownFileType = sourcecode.swift; path = MapAnnotationView.swift; sourceTree = "<group>"; };
		C5CE90492BEB43F100D76233 /* PracticeMapKit.app */ = {isa = PBXFileReference; explicitFileType = wrapper.application; includeInIndex = 0; path = PracticeMapKit.app; sourceTree = BUILT_PRODUCTS_DIR; };
		C5CE904C2BEB43F100D76233 /* PracticeMapKitApp.swift */ = {isa = PBXFileReference; lastKnownFileType = sourcecode.swift; path = PracticeMapKitApp.swift; sourceTree = "<group>"; };
		C5CE904E2BEB43F100D76233 /* ContentView.swift */ = {isa = PBXFileReference; lastKnownFileType = sourcecode.swift; path = ContentView.swift; sourceTree = "<group>"; };
		C5CE90502BEB43F200D76233 /* Assets.xcassets */ = {isa = PBXFileReference; lastKnownFileType = folder.assetcatalog; path = Assets.xcassets; sourceTree = "<group>"; };
		C5CE90532BEB43F200D76233 /* Preview Assets.xcassets */ = {isa = PBXFileReference; lastKnownFileType = folder.assetcatalog; path = "Preview Assets.xcassets"; sourceTree = "<group>"; };
		C5DFEF812BFD9D8C00E5C3E7 /* Place.swift */ = {isa = PBXFileReference; lastKnownFileType = sourcecode.swift; path = Place.swift; sourceTree = "<group>"; };
/* End PBXFileReference section */

/* Begin PBXFrameworksBuildPhase section */
		C5CE90462BEB43F100D76233 /* Frameworks */ = {
			isa = PBXFrameworksBuildPhase;
			buildActionMask = 2147483647;
			files = (
			);
			runOnlyForDeploymentPostprocessing = 0;
		};
/* End PBXFrameworksBuildPhase section */

/* Begin PBXGroup section */
		C52EC5AB2C31952C004F6BDB /* SearchAndCurrentLocation */ = {
			isa = PBXGroup;
			children = (
				C52EC5AD2C3195B9004F6BDB /* ViewModel */,
				C5DFEF802BFD9D7900E5C3E7 /* Model */,
				C5CA66172BF26196007BDAC8 /* View */,
			);
			path = SearchAndCurrentLocation;
			sourceTree = "<group>";
		};
		C52EC5AD2C3195B9004F6BDB /* ViewModel */ = {
			isa = PBXGroup;
			children = (
				C5CA661E2BF2632D007BDAC8 /* MapViewModel.swift */,
			);
			path = ViewModel;
			sourceTree = "<group>";
		};
		C5315E172C11A69B00C96F96 /* PracticeBookMap */ = {
			isa = PBXGroup;
			children = (
				C5315E192C11A6B300C96F96 /* BookMapModel.swift */,
				C5315E1B2C11A6BC00C96F96 /* BookMapView.swift */,
				C52EC5922C3012AA004F6BDB /* AnnotationView.swift */,
				C5315E1D2C12DF5500C96F96 /* BookMapViewModel.swift */,
				C52EC5942C305F21004F6BDB /* LocationManager.swift */,
				C52EC5902C300679004F6BDB /* BookLocationData.swift */,
			);
			path = PracticeBookMap;
			sourceTree = "<group>";
		};
		C5CA66172BF26196007BDAC8 /* View */ = {
			isa = PBXGroup;
			children = (
				C5CA661A2BF261B6007BDAC8 /* Home.swift */,
				C5CA661C2BF2623E007BDAC8 /* MapView.swift */,
			);
			path = View;
			sourceTree = "<group>";
		};
		C5CE90402BEB43F100D76233 = {
			isa = PBXGroup;
			children = (
				C5CE904B2BEB43F100D76233 /* PracticeMapKit */,
				C5CE904A2BEB43F100D76233 /* Products */,
			);
			sourceTree = "<group>";
		};
		C5CE904A2BEB43F100D76233 /* Products */ = {
			isa = PBXGroup;
			children = (
				C5CE90492BEB43F100D76233 /* PracticeMapKit.app */,
			);
			name = Products;
			sourceTree = "<group>";
		};
		C5CE904B2BEB43F100D76233 /* PracticeMapKit */ = {
			isa = PBXGroup;
			children = (
				C5CE904C2BEB43F100D76233 /* PracticeMapKitApp.swift */,
				C5CE904E2BEB43F100D76233 /* ContentView.swift */,
				C52EC5AB2C31952C004F6BDB /* SearchAndCurrentLocation */,
				C5315E172C11A69B00C96F96 /* PracticeBookMap */,
				C5CA66202BF26747007BDAC8 /* Info.plist */,
				C5CA66212BF267E9007BDAC8 /* MapAnnotationView.swift */,
				C5CE90502BEB43F200D76233 /* Assets.xcassets */,
				C5CE90522BEB43F200D76233 /* Preview Content */,
			);
			path = PracticeMapKit;
			sourceTree = "<group>";
		};
		C5CE90522BEB43F200D76233 /* Preview Content */ = {
			isa = PBXGroup;
			children = (
				C5CE90532BEB43F200D76233 /* Preview Assets.xcassets */,
			);
			path = "Preview Content";
			sourceTree = "<group>";
		};
		C5DFEF802BFD9D7900E5C3E7 /* Model */ = {
			isa = PBXGroup;
			children = (
				C5DFEF812BFD9D8C00E5C3E7 /* Place.swift */,
			);
			path = Model;
			sourceTree = "<group>";
		};
/* End PBXGroup section */

/* Begin PBXNativeTarget section */
		C5CE90482BEB43F100D76233 /* PracticeMapKit */ = {
			isa = PBXNativeTarget;
			buildConfigurationList = C5CE90572BEB43F200D76233 /* Build configuration list for PBXNativeTarget "PracticeMapKit" */;
			buildPhases = (
				C5CE90452BEB43F100D76233 /* Sources */,
				C5CE90462BEB43F100D76233 /* Frameworks */,
				C5CE90472BEB43F100D76233 /* Resources */,
			);
			buildRules = (
			);
			dependencies = (
			);
			name = PracticeMapKit;
			productName = PracticeMapKit;
			productReference = C5CE90492BEB43F100D76233 /* PracticeMapKit.app */;
			productType = "com.apple.product-type.application";
		};
/* End PBXNativeTarget section */

/* Begin PBXProject section */
		C5CE90412BEB43F100D76233 /* Project object */ = {
			isa = PBXProject;
			attributes = {
				BuildIndependentTargetsInParallel = 1;
				LastSwiftUpdateCheck = 1530;
				LastUpgradeCheck = 1530;
				TargetAttributes = {
					C5CE90482BEB43F100D76233 = {
						CreatedOnToolsVersion = 15.3;
					};
				};
			};
			buildConfigurationList = C5CE90442BEB43F100D76233 /* Build configuration list for PBXProject "PracticeMapKit" */;
			compatibilityVersion = "Xcode 14.0";
			developmentRegion = en;
			hasScannedForEncodings = 0;
			knownRegions = (
				en,
				Base,
			);
			mainGroup = C5CE90402BEB43F100D76233;
			productRefGroup = C5CE904A2BEB43F100D76233 /* Products */;
			projectDirPath = "";
			projectRoot = "";
			targets = (
				C5CE90482BEB43F100D76233 /* PracticeMapKit */,
			);
		};
/* End PBXProject section */

/* Begin PBXResourcesBuildPhase section */
		C5CE90472BEB43F100D76233 /* Resources */ = {
			isa = PBXResourcesBuildPhase;
			buildActionMask = 2147483647;
			files = (
				C5CE90542BEB43F200D76233 /* Preview Assets.xcassets in Resources */,
				C5CE90512BEB43F200D76233 /* Assets.xcassets in Resources */,
			);
			runOnlyForDeploymentPostprocessing = 0;
		};
/* End PBXResourcesBuildPhase section */

/* Begin PBXSourcesBuildPhase section */
		C5CE90452BEB43F100D76233 /* Sources */ = {
			isa = PBXSourcesBuildPhase;
			buildActionMask = 2147483647;
			files = (
				C5CE904F2BEB43F100D76233 /* ContentView.swift in Sources */,
				C52EC5932C3012AA004F6BDB /* AnnotationView.swift in Sources */,
				C5CE904D2BEB43F100D76233 /* PracticeMapKitApp.swift in Sources */,
				C52EC5912C300679004F6BDB /* BookLocationData.swift in Sources */,
				C5CA661D2BF2623E007BDAC8 /* MapView.swift in Sources */,
				C5315E1C2C11A6BC00C96F96 /* BookMapView.swift in Sources */,
				C5315E1E2C12DF5500C96F96 /* BookMapViewModel.swift in Sources */,
				C5CA661B2BF261B6007BDAC8 /* Home.swift in Sources */,
				C5CA661F2BF2632D007BDAC8 /* MapViewModel.swift in Sources */,
				C5DFEF822BFD9D8C00E5C3E7 /* Place.swift in Sources */,
				C5CA66222BF267E9007BDAC8 /* MapAnnotationView.swift in Sources */,
				C5315E1A2C11A6B300C96F96 /* BookMapModel.swift in Sources */,
				C52EC5952C305F21004F6BDB /* LocationManager.swift in Sources */,
			);
			runOnlyForDeploymentPostprocessing = 0;
		};
/* End PBXSourcesBuildPhase section */

/* Begin XCBuildConfiguration section */
		C5CE90552BEB43F200D76233 /* Debug */ = {
			isa = XCBuildConfiguration;
			buildSettings = {
				ALWAYS_SEARCH_USER_PATHS = NO;
				ASSETCATALOG_COMPILER_GENERATE_SWIFT_ASSET_SYMBOL_EXTENSIONS = YES;
				CLANG_ANALYZER_NONNULL = YES;
				CLANG_ANALYZER_NUMBER_OBJECT_CONVERSION = YES_AGGRESSIVE;
				CLANG_CXX_LANGUAGE_STANDARD = "gnu++20";
				CLANG_ENABLE_MODULES = YES;
				CLANG_ENABLE_OBJC_ARC = YES;
				CLANG_ENABLE_OBJC_WEAK = YES;
				CLANG_WARN_BLOCK_CAPTURE_AUTORELEASING = YES;
				CLANG_WARN_BOOL_CONVERSION = YES;
				CLANG_WARN_COMMA = YES;
				CLANG_WARN_CONSTANT_CONVERSION = YES;
				CLANG_WARN_DEPRECATED_OBJC_IMPLEMENTATIONS = YES;
				CLANG_WARN_DIRECT_OBJC_ISA_USAGE = YES_ERROR;
				CLANG_WARN_DOCUMENTATION_COMMENTS = YES;
				CLANG_WARN_EMPTY_BODY = YES;
				CLANG_WARN_ENUM_CONVERSION = YES;
				CLANG_WARN_INFINITE_RECURSION = YES;
				CLANG_WARN_INT_CONVERSION = YES;
				CLANG_WARN_NON_LITERAL_NULL_CONVERSION = YES;
				CLANG_WARN_OBJC_IMPLICIT_RETAIN_SELF = YES;
				CLANG_WARN_OBJC_LITERAL_CONVERSION = YES;
				CLANG_WARN_OBJC_ROOT_CLASS = YES_ERROR;
				CLANG_WARN_QUOTED_INCLUDE_IN_FRAMEWORK_HEADER = YES;
				CLANG_WARN_RANGE_LOOP_ANALYSIS = YES;
				CLANG_WARN_STRICT_PROTOTYPES = YES;
				CLANG_WARN_SUSPICIOUS_MOVE = YES;
				CLANG_WARN_UNGUARDED_AVAILABILITY = YES_AGGRESSIVE;
				CLANG_WARN_UNREACHABLE_CODE = YES;
				CLANG_WARN__DUPLICATE_METHOD_MATCH = YES;
				COPY_PHASE_STRIP = NO;
				DEBUG_INFORMATION_FORMAT = dwarf;
				ENABLE_STRICT_OBJC_MSGSEND = YES;
				ENABLE_TESTABILITY = YES;
				ENABLE_USER_SCRIPT_SANDBOXING = YES;
				GCC_C_LANGUAGE_STANDARD = gnu17;
				GCC_DYNAMIC_NO_PIC = NO;
				GCC_NO_COMMON_BLOCKS = YES;
				GCC_OPTIMIZATION_LEVEL = 0;
				GCC_PREPROCESSOR_DEFINITIONS = (
					"DEBUG=1",
					"$(inherited)",
				);
				GCC_WARN_64_TO_32_BIT_CONVERSION = YES;
				GCC_WARN_ABOUT_RETURN_TYPE = YES_ERROR;
				GCC_WARN_UNDECLARED_SELECTOR = YES;
				GCC_WARN_UNINITIALIZED_AUTOS = YES_AGGRESSIVE;
				GCC_WARN_UNUSED_FUNCTION = YES;
				GCC_WARN_UNUSED_VARIABLE = YES;
				IPHONEOS_DEPLOYMENT_TARGET = 17.4;
				LOCALIZATION_PREFERS_STRING_CATALOGS = YES;
				MTL_ENABLE_DEBUG_INFO = INCLUDE_SOURCE;
				MTL_FAST_MATH = YES;
				ONLY_ACTIVE_ARCH = YES;
				SDKROOT = iphoneos;
				SWIFT_ACTIVE_COMPILATION_CONDITIONS = "DEBUG $(inherited)";
				SWIFT_OPTIMIZATION_LEVEL = "-Onone";
			};
			name = Debug;
		};
		C5CE90562BEB43F200D76233 /* Release */ = {
			isa = XCBuildConfiguration;
			buildSettings = {
				ALWAYS_SEARCH_USER_PATHS = NO;
				ASSETCATALOG_COMPILER_GENERATE_SWIFT_ASSET_SYMBOL_EXTENSIONS = YES;
				CLANG_ANALYZER_NONNULL = YES;
				CLANG_ANALYZER_NUMBER_OBJECT_CONVERSION = YES_AGGRESSIVE;
				CLANG_CXX_LANGUAGE_STANDARD = "gnu++20";
				CLANG_ENABLE_MODULES = YES;
				CLANG_ENABLE_OBJC_ARC = YES;
				CLANG_ENABLE_OBJC_WEAK = YES;
				CLANG_WARN_BLOCK_CAPTURE_AUTORELEASING = YES;
				CLANG_WARN_BOOL_CONVERSION = YES;
				CLANG_WARN_COMMA = YES;
				CLANG_WARN_CONSTANT_CONVERSION = YES;
				CLANG_WARN_DEPRECATED_OBJC_IMPLEMENTATIONS = YES;
				CLANG_WARN_DIRECT_OBJC_ISA_USAGE = YES_ERROR;
				CLANG_WARN_DOCUMENTATION_COMMENTS = YES;
				CLANG_WARN_EMPTY_BODY = YES;
				CLANG_WARN_ENUM_CONVERSION = YES;
				CLANG_WARN_INFINITE_RECURSION = YES;
				CLANG_WARN_INT_CONVERSION = YES;
				CLANG_WARN_NON_LITERAL_NULL_CONVERSION = YES;
				CLANG_WARN_OBJC_IMPLICIT_RETAIN_SELF = YES;
				CLANG_WARN_OBJC_LITERAL_CONVERSION = YES;
				CLANG_WARN_OBJC_ROOT_CLASS = YES_ERROR;
				CLANG_WARN_QUOTED_INCLUDE_IN_FRAMEWORK_HEADER = YES;
				CLANG_WARN_RANGE_LOOP_ANALYSIS = YES;
				CLANG_WARN_STRICT_PROTOTYPES = YES;
				CLANG_WARN_SUSPICIOUS_MOVE = YES;
				CLANG_WARN_UNGUARDED_AVAILABILITY = YES_AGGRESSIVE;
				CLANG_WARN_UNREACHABLE_CODE = YES;
				CLANG_WARN__DUPLICATE_METHOD_MATCH = YES;
				COPY_PHASE_STRIP = NO;
				DEBUG_INFORMATION_FORMAT = "dwarf-with-dsym";
				ENABLE_NS_ASSERTIONS = NO;
				ENABLE_STRICT_OBJC_MSGSEND = YES;
				ENABLE_USER_SCRIPT_SANDBOXING = YES;
				GCC_C_LANGUAGE_STANDARD = gnu17;
				GCC_NO_COMMON_BLOCKS = YES;
				GCC_WARN_64_TO_32_BIT_CONVERSION = YES;
				GCC_WARN_ABOUT_RETURN_TYPE = YES_ERROR;
				GCC_WARN_UNDECLARED_SELECTOR = YES;
				GCC_WARN_UNINITIALIZED_AUTOS = YES_AGGRESSIVE;
				GCC_WARN_UNUSED_FUNCTION = YES;
				GCC_WARN_UNUSED_VARIABLE = YES;
				IPHONEOS_DEPLOYMENT_TARGET = 17.4;
				LOCALIZATION_PREFERS_STRING_CATALOGS = YES;
				MTL_ENABLE_DEBUG_INFO = NO;
				MTL_FAST_MATH = YES;
				SDKROOT = iphoneos;
				SWIFT_COMPILATION_MODE = wholemodule;
				VALIDATE_PRODUCT = YES;
			};
			name = Release;
		};
		C5CE90582BEB43F200D76233 /* Debug */ = {
			isa = XCBuildConfiguration;
			buildSettings = {
				ASSETCATALOG_COMPILER_APPICON_NAME = AppIcon;
				ASSETCATALOG_COMPILER_GLOBAL_ACCENT_COLOR_NAME = AccentColor;
				CODE_SIGN_STYLE = Automatic;
				CURRENT_PROJECT_VERSION = 1;
				DEVELOPMENT_ASSET_PATHS = "\"PracticeMapKit/Preview Content\"";
				DEVELOPMENT_TEAM = ZUGAVD3728;
				ENABLE_PREVIEWS = YES;
				GENERATE_INFOPLIST_FILE = YES;
				INFOPLIST_FILE = PracticeMapKit/Info.plist;
				INFOPLIST_KEY_NSLocationWhenInUseUsageDescription = "";
				INFOPLIST_KEY_UIApplicationSceneManifest_Generation = YES;
				INFOPLIST_KEY_UIApplicationSupportsIndirectInputEvents = YES;
				INFOPLIST_KEY_UILaunchScreen_Generation = YES;
				INFOPLIST_KEY_UISupportedInterfaceOrientations_iPad = "UIInterfaceOrientationPortrait UIInterfaceOrientationPortraitUpsideDown UIInterfaceOrientationLandscapeLeft UIInterfaceOrientationLandscapeRight";
				INFOPLIST_KEY_UISupportedInterfaceOrientations_iPhone = "UIInterfaceOrientationPortrait UIInterfaceOrientationLandscapeLeft UIInterfaceOrientationLandscapeRight";
				LD_RUNPATH_SEARCH_PATHS = (
					"$(inherited)",
					"@executable_path/Frameworks",
				);
				MARKETING_VERSION = 1.0;
				PRODUCT_BUNDLE_IDENTIFIER = com.msseock.PracticeMapKit;
				PRODUCT_NAME = "$(TARGET_NAME)";
				SWIFT_EMIT_LOC_STRINGS = YES;
				SWIFT_VERSION = 5.0;
				TARGETED_DEVICE_FAMILY = "1,2";
			};
			name = Debug;
		};
		C5CE90592BEB43F200D76233 /* Release */ = {
			isa = XCBuildConfiguration;
			buildSettings = {
				ASSETCATALOG_COMPILER_APPICON_NAME = AppIcon;
				ASSETCATALOG_COMPILER_GLOBAL_ACCENT_COLOR_NAME = AccentColor;
				CODE_SIGN_STYLE = Automatic;
				CURRENT_PROJECT_VERSION = 1;
				DEVELOPMENT_ASSET_PATHS = "\"PracticeMapKit/Preview Content\"";
				DEVELOPMENT_TEAM = ZUGAVD3728;
				ENABLE_PREVIEWS = YES;
				GENERATE_INFOPLIST_FILE = YES;
				INFOPLIST_FILE = PracticeMapKit/Info.plist;
				INFOPLIST_KEY_NSLocationWhenInUseUsageDescription = "";
				INFOPLIST_KEY_UIApplicationSceneManifest_Generation = YES;
				INFOPLIST_KEY_UIApplicationSupportsIndirectInputEvents = YES;
				INFOPLIST_KEY_UILaunchScreen_Generation = YES;
				INFOPLIST_KEY_UISupportedInterfaceOrientations_iPad = "UIInterfaceOrientationPortrait UIInterfaceOrientationPortraitUpsideDown UIInterfaceOrientationLandscapeLeft UIInterfaceOrientationLandscapeRight";
				INFOPLIST_KEY_UISupportedInterfaceOrientations_iPhone = "UIInterfaceOrientationPortrait UIInterfaceOrientationLandscapeLeft UIInterfaceOrientationLandscapeRight";
				LD_RUNPATH_SEARCH_PATHS = (
					"$(inherited)",
					"@executable_path/Frameworks",
				);
				MARKETING_VERSION = 1.0;
				PRODUCT_BUNDLE_IDENTIFIER = com.msseock.PracticeMapKit;
				PRODUCT_NAME = "$(TARGET_NAME)";
				SWIFT_EMIT_LOC_STRINGS = YES;
				SWIFT_VERSION = 5.0;
				TARGETED_DEVICE_FAMILY = "1,2";
			};
			name = Release;
		};
/* End XCBuildConfiguration section */

/* Begin XCConfigurationList section */
		C5CE90442BEB43F100D76233 /* Build configuration list for PBXProject "PracticeMapKit" */ = {
			isa = XCConfigurationList;
			buildConfigurations = (
				C5CE90552BEB43F200D76233 /* Debug */,
				C5CE90562BEB43F200D76233 /* Release */,
			);
			defaultConfigurationIsVisible = 0;
			defaultConfigurationName = Release;
		};
		C5CE90572BEB43F200D76233 /* Build configuration list for PBXNativeTarget "PracticeMapKit" */ = {
			isa = XCConfigurationList;
			buildConfigurations = (
				C5CE90582BEB43F200D76233 /* Debug */,
				C5CE90592BEB43F200D76233 /* Release */,
			);
			defaultConfigurationIsVisible = 0;
			defaultConfigurationName = Release;
		};
/* End XCConfigurationList section */
	};
	rootObject = C5CE90412BEB43F100D76233 /* Project object */;
}
