// !$*UTF8*$!
{
	archiveVersion = 1;
	classes = {
	};
	objectVersion = 56;
	objects = {

/* Begin PBXBuildFile section */
		C541E3322BE751EA00B01761 /* PracticeChatApp.swift in Sources */ = {isa = PBXBuildFile; fileRef = C541E3312BE751EA00B01761 /* PracticeChatApp.swift */; };
		C541E3342BE751EA00B01761 /* ContentView.swift in Sources */ = {isa = PBXBuildFile; fileRef = C541E3332BE751EA00B01761 /* ContentView.swift */; };
		C541E3362BE751ED00B01761 /* Assets.xcassets in Resources */ = {isa = PBXBuildFile; fileRef = C541E3352BE751ED00B01761 /* Assets.xcassets */; };
		C541E3392BE751ED00B01761 /* Preview Assets.xcassets in Resources */ = {isa = PBXBuildFile; fileRef = C541E3382BE751ED00B01761 /* Preview Assets.xcassets */; };
		C541E3412BE759E500B01761 /* APIKey.swift in Sources */ = {isa = PBXBuildFile; fileRef = C541E3402BE759E500B01761 /* APIKey.swift */; };
		C541E3432BE75A4C00B01761 /* GenerativeAI-Info.plist in Resources */ = {isa = PBXBuildFile; fileRef = C541E3422BE75A4C00B01761 /* GenerativeAI-Info.plist */; };
		C541E3462BE75D5000B01761 /* GoogleGenerativeAI in Frameworks */ = {isa = PBXBuildFile; productRef = C541E3452BE75D5000B01761 /* GoogleGenerativeAI */; };
		C541E3482BE75EBB00B01761 /* ChatModel.swift in Sources */ = {isa = PBXBuildFile; fileRef = C541E3472BE75EBB00B01761 /* ChatModel.swift */; };
		C541E34A2BE7621C00B01761 /* ChatService.swift in Sources */ = {isa = PBXBuildFile; fileRef = C541E3492BE7621C00B01761 /* ChatService.swift */; };
/* End PBXBuildFile section */

/* Begin PBXFileReference section */
		C541E32E2BE751EA00B01761 /* PracticeChat.app */ = {isa = PBXFileReference; explicitFileType = wrapper.application; includeInIndex = 0; path = PracticeChat.app; sourceTree = BUILT_PRODUCTS_DIR; };
		C541E3312BE751EA00B01761 /* PracticeChatApp.swift */ = {isa = PBXFileReference; lastKnownFileType = sourcecode.swift; path = PracticeChatApp.swift; sourceTree = "<group>"; };
		C541E3332BE751EA00B01761 /* ContentView.swift */ = {isa = PBXFileReference; lastKnownFileType = sourcecode.swift; path = ContentView.swift; sourceTree = "<group>"; };
		C541E3352BE751ED00B01761 /* Assets.xcassets */ = {isa = PBXFileReference; lastKnownFileType = folder.assetcatalog; path = Assets.xcassets; sourceTree = "<group>"; };
		C541E3382BE751ED00B01761 /* Preview Assets.xcassets */ = {isa = PBXFileReference; lastKnownFileType = folder.assetcatalog; path = "Preview Assets.xcassets"; sourceTree = "<group>"; };
		C541E3402BE759E500B01761 /* APIKey.swift */ = {isa = PBXFileReference; lastKnownFileType = sourcecode.swift; path = APIKey.swift; sourceTree = "<group>"; };
		C541E3422BE75A4C00B01761 /* GenerativeAI-Info.plist */ = {isa = PBXFileReference; lastKnownFileType = text.plist.xml; path = "GenerativeAI-Info.plist"; sourceTree = "<group>"; };
		C541E3472BE75EBB00B01761 /* ChatModel.swift */ = {isa = PBXFileReference; lastKnownFileType = sourcecode.swift; path = ChatModel.swift; sourceTree = "<group>"; };
		C541E3492BE7621C00B01761 /* ChatService.swift */ = {isa = PBXFileReference; lastKnownFileType = sourcecode.swift; path = ChatService.swift; sourceTree = "<group>"; };
/* End PBXFileReference section */

/* Begin PBXFrameworksBuildPhase section */
		C541E32B2BE751EA00B01761 /* Frameworks */ = {
			isa = PBXFrameworksBuildPhase;
			buildActionMask = 2147483647;
			files = (
				C541E3462BE75D5000B01761 /* GoogleGenerativeAI in Frameworks */,
			);
			runOnlyForDeploymentPostprocessing = 0;
		};
/* End PBXFrameworksBuildPhase section */

/* Begin PBXGroup section */
		C541E3252BE751EA00B01761 = {
			isa = PBXGroup;
			children = (
				C541E3302BE751EA00B01761 /* PracticeChat */,
				C541E32F2BE751EA00B01761 /* Products */,
			);
			sourceTree = "<group>";
		};
		C541E32F2BE751EA00B01761 /* Products */ = {
			isa = PBXGroup;
			children = (
				C541E32E2BE751EA00B01761 /* PracticeChat.app */,
			);
			name = Products;
			sourceTree = "<group>";
		};
		C541E3302BE751EA00B01761 /* PracticeChat */ = {
			isa = PBXGroup;
			children = (
				C541E33F2BE759A600B01761 /* APIKey */,
				C541E3312BE751EA00B01761 /* PracticeChatApp.swift */,
				C541E3332BE751EA00B01761 /* ContentView.swift */,
				C541E3472BE75EBB00B01761 /* ChatModel.swift */,
				C541E3492BE7621C00B01761 /* ChatService.swift */,
				C541E3352BE751ED00B01761 /* Assets.xcassets */,
				C541E3372BE751ED00B01761 /* Preview Content */,
			);
			path = PracticeChat;
			sourceTree = "<group>";
		};
		C541E3372BE751ED00B01761 /* Preview Content */ = {
			isa = PBXGroup;
			children = (
				C541E3382BE751ED00B01761 /* Preview Assets.xcassets */,
			);
			path = "Preview Content";
			sourceTree = "<group>";
		};
		C541E33F2BE759A600B01761 /* APIKey */ = {
			isa = PBXGroup;
			children = (
				C541E3402BE759E500B01761 /* APIKey.swift */,
				C541E3422BE75A4C00B01761 /* GenerativeAI-Info.plist */,
			);
			path = APIKey;
			sourceTree = "<group>";
		};
/* End PBXGroup section */

/* Begin PBXNativeTarget section */
		C541E32D2BE751EA00B01761 /* PracticeChat */ = {
			isa = PBXNativeTarget;
			buildConfigurationList = C541E33C2BE751ED00B01761 /* Build configuration list for PBXNativeTarget "PracticeChat" */;
			buildPhases = (
				C541E32A2BE751EA00B01761 /* Sources */,
				C541E32B2BE751EA00B01761 /* Frameworks */,
				C541E32C2BE751EA00B01761 /* Resources */,
			);
			buildRules = (
			);
			dependencies = (
			);
			name = PracticeChat;
			packageProductDependencies = (
				C541E3452BE75D5000B01761 /* GoogleGenerativeAI */,
			);
			productName = PracticeChat;
			productReference = C541E32E2BE751EA00B01761 /* PracticeChat.app */;
			productType = "com.apple.product-type.application";
		};
/* End PBXNativeTarget section */

/* Begin PBXProject section */
		C541E3262BE751EA00B01761 /* Project object */ = {
			isa = PBXProject;
			attributes = {
				BuildIndependentTargetsInParallel = 1;
				LastSwiftUpdateCheck = 1530;
				LastUpgradeCheck = 1530;
				TargetAttributes = {
					C541E32D2BE751EA00B01761 = {
						CreatedOnToolsVersion = 15.3;
					};
				};
			};
			buildConfigurationList = C541E3292BE751EA00B01761 /* Build configuration list for PBXProject "PracticeChat" */;
			compatibilityVersion = "Xcode 14.0";
			developmentRegion = en;
			hasScannedForEncodings = 0;
			knownRegions = (
				en,
				Base,
			);
			mainGroup = C541E3252BE751EA00B01761;
			packageReferences = (
				C541E3442BE75D5000B01761 /* XCRemoteSwiftPackageReference "generative-ai-swift" */,
			);
			productRefGroup = C541E32F2BE751EA00B01761 /* Products */;
			projectDirPath = "";
			projectRoot = "";
			targets = (
				C541E32D2BE751EA00B01761 /* PracticeChat */,
			);
		};
/* End PBXProject section */

/* Begin PBXResourcesBuildPhase section */
		C541E32C2BE751EA00B01761 /* Resources */ = {
			isa = PBXResourcesBuildPhase;
			buildActionMask = 2147483647;
			files = (
				C541E3392BE751ED00B01761 /* Preview Assets.xcassets in Resources */,
				C541E3362BE751ED00B01761 /* Assets.xcassets in Resources */,
				C541E3432BE75A4C00B01761 /* GenerativeAI-Info.plist in Resources */,
			);
			runOnlyForDeploymentPostprocessing = 0;
		};
/* End PBXResourcesBuildPhase section */

/* Begin PBXSourcesBuildPhase section */
		C541E32A2BE751EA00B01761 /* Sources */ = {
			isa = PBXSourcesBuildPhase;
			buildActionMask = 2147483647;
			files = (
				C541E3342BE751EA00B01761 /* ContentView.swift in Sources */,
				C541E3482BE75EBB00B01761 /* ChatModel.swift in Sources */,
				C541E3412BE759E500B01761 /* APIKey.swift in Sources */,
				C541E34A2BE7621C00B01761 /* ChatService.swift in Sources */,
				C541E3322BE751EA00B01761 /* PracticeChatApp.swift in Sources */,
			);
			runOnlyForDeploymentPostprocessing = 0;
		};
/* End PBXSourcesBuildPhase section */

/* Begin XCBuildConfiguration section */
		C541E33A2BE751ED00B01761 /* Debug */ = {
			isa = XCBuildConfiguration;
			buildSettings = {
				ALWAYS_SEARCH_USER_PATHS = NO;
				ASSETCATALOG_COMPILER_GENERATE_SWIFT_ASSET_SYMBOL_EXTENSIONS = YES;
				CLANG_ANALYZER_NONNULL = YES;
				CLANG_ANALYZER_NUMBER_OBJECT_CONVERSION = YES_AGGRESSIVE;
				CLANG_CXX_LANGUAGE_STANDARD = "gnu++20";
				CLANG_ENABLE_MODULES = YES;
				CLANG_ENABLE_OBJC_ARC = YES;
				CLANG_ENABLE_OBJC_WEAK = YES;
				CLANG_WARN_BLOCK_CAPTURE_AUTORELEASING = YES;
				CLANG_WARN_BOOL_CONVERSION = YES;
				CLANG_WARN_COMMA = YES;
				CLANG_WARN_CONSTANT_CONVERSION = YES;
				CLANG_WARN_DEPRECATED_OBJC_IMPLEMENTATIONS = YES;
				CLANG_WARN_DIRECT_OBJC_ISA_USAGE = YES_ERROR;
				CLANG_WARN_DOCUMENTATION_COMMENTS = YES;
				CLANG_WARN_EMPTY_BODY = YES;
				CLANG_WARN_ENUM_CONVERSION = YES;
				CLANG_WARN_INFINITE_RECURSION = YES;
				CLANG_WARN_INT_CONVERSION = YES;
				CLANG_WARN_NON_LITERAL_NULL_CONVERSION = YES;
				CLANG_WARN_OBJC_IMPLICIT_RETAIN_SELF = YES;
				CLANG_WARN_OBJC_LITERAL_CONVERSION = YES;
				CLANG_WARN_OBJC_ROOT_CLASS = YES_ERROR;
				CLANG_WARN_QUOTED_INCLUDE_IN_FRAMEWORK_HEADER = YES;
				CLANG_WARN_RANGE_LOOP_ANALYSIS = YES;
				CLANG_WARN_STRICT_PROTOTYPES = YES;
				CLANG_WARN_SUSPICIOUS_MOVE = YES;
				CLANG_WARN_UNGUARDED_AVAILABILITY = YES_AGGRESSIVE;
				CLANG_WARN_UNREACHABLE_CODE = YES;
				CLANG_WARN__DUPLICATE_METHOD_MATCH = YES;
				COPY_PHASE_STRIP = NO;
				DEBUG_INFORMATION_FORMAT = dwarf;
				ENABLE_STRICT_OBJC_MSGSEND = YES;
				ENABLE_TESTABILITY = YES;
				ENABLE_USER_SCRIPT_SANDBOXING = YES;
				GCC_C_LANGUAGE_STANDARD = gnu17;
				GCC_DYNAMIC_NO_PIC = NO;
				GCC_NO_COMMON_BLOCKS = YES;
				GCC_OPTIMIZATION_LEVEL = 0;
				GCC_PREPROCESSOR_DEFINITIONS = (
					"DEBUG=1",
					"$(inherited)",
				);
				GCC_WARN_64_TO_32_BIT_CONVERSION = YES;
				GCC_WARN_ABOUT_RETURN_TYPE = YES_ERROR;
				GCC_WARN_UNDECLARED_SELECTOR = YES;
				GCC_WARN_UNINITIALIZED_AUTOS = YES_AGGRESSIVE;
				GCC_WARN_UNUSED_FUNCTION = YES;
				GCC_WARN_UNUSED_VARIABLE = YES;
				IPHONEOS_DEPLOYMENT_TARGET = 17.4;
				LOCALIZATION_PREFERS_STRING_CATALOGS = YES;
				MTL_ENABLE_DEBUG_INFO = INCLUDE_SOURCE;
				MTL_FAST_MATH = YES;
				ONLY_ACTIVE_ARCH = YES;
				SDKROOT = iphoneos;
				SWIFT_ACTIVE_COMPILATION_CONDITIONS = "DEBUG $(inherited)";
				SWIFT_OPTIMIZATION_LEVEL = "-Onone";
			};
			name = Debug;
		};
		C541E33B2BE751ED00B01761 /* Release */ = {
			isa = XCBuildConfiguration;
			buildSettings = {
				ALWAYS_SEARCH_USER_PATHS = NO;
				ASSETCATALOG_COMPILER_GENERATE_SWIFT_ASSET_SYMBOL_EXTENSIONS = YES;
				CLANG_ANALYZER_NONNULL = YES;
				CLANG_ANALYZER_NUMBER_OBJECT_CONVERSION = YES_AGGRESSIVE;
				CLANG_CXX_LANGUAGE_STANDARD = "gnu++20";
				CLANG_ENABLE_MODULES = YES;
				CLANG_ENABLE_OBJC_ARC = YES;
				CLANG_ENABLE_OBJC_WEAK = YES;
				CLANG_WARN_BLOCK_CAPTURE_AUTORELEASING = YES;
				CLANG_WARN_BOOL_CONVERSION = YES;
				CLANG_WARN_COMMA = YES;
				CLANG_WARN_CONSTANT_CONVERSION = YES;
				CLANG_WARN_DEPRECATED_OBJC_IMPLEMENTATIONS = YES;
				CLANG_WARN_DIRECT_OBJC_ISA_USAGE = YES_ERROR;
				CLANG_WARN_DOCUMENTATION_COMMENTS = YES;
				CLANG_WARN_EMPTY_BODY = YES;
				CLANG_WARN_ENUM_CONVERSION = YES;
				CLANG_WARN_INFINITE_RECURSION = YES;
				CLANG_WARN_INT_CONVERSION = YES;
				CLANG_WARN_NON_LITERAL_NULL_CONVERSION = YES;
				CLANG_WARN_OBJC_IMPLICIT_RETAIN_SELF = YES;
				CLANG_WARN_OBJC_LITERAL_CONVERSION = YES;
				CLANG_WARN_OBJC_ROOT_CLASS = YES_ERROR;
				CLANG_WARN_QUOTED_INCLUDE_IN_FRAMEWORK_HEADER = YES;
				CLANG_WARN_RANGE_LOOP_ANALYSIS = YES;
				CLANG_WARN_STRICT_PROTOTYPES = YES;
				CLANG_WARN_SUSPICIOUS_MOVE = YES;
				CLANG_WARN_UNGUARDED_AVAILABILITY = YES_AGGRESSIVE;
				CLANG_WARN_UNREACHABLE_CODE = YES;
				CLANG_WARN__DUPLICATE_METHOD_MATCH = YES;
				COPY_PHASE_STRIP = NO;
				DEBUG_INFORMATION_FORMAT = "dwarf-with-dsym";
				ENABLE_NS_ASSERTIONS = NO;
				ENABLE_STRICT_OBJC_MSGSEND = YES;
				ENABLE_USER_SCRIPT_SANDBOXING = YES;
				GCC_C_LANGUAGE_STANDARD = gnu17;
				GCC_NO_COMMON_BLOCKS = YES;
				GCC_WARN_64_TO_32_BIT_CONVERSION = YES;
				GCC_WARN_ABOUT_RETURN_TYPE = YES_ERROR;
				GCC_WARN_UNDECLARED_SELECTOR = YES;
				GCC_WARN_UNINITIALIZED_AUTOS = YES_AGGRESSIVE;
				GCC_WARN_UNUSED_FUNCTION = YES;
				GCC_WARN_UNUSED_VARIABLE = YES;
				IPHONEOS_DEPLOYMENT_TARGET = 17.4;
				LOCALIZATION_PREFERS_STRING_CATALOGS = YES;
				MTL_ENABLE_DEBUG_INFO = NO;
				MTL_FAST_MATH = YES;
				SDKROOT = iphoneos;
				SWIFT_COMPILATION_MODE = wholemodule;
				VALIDATE_PRODUCT = YES;
			};
			name = Release;
		};
		C541E33D2BE751ED00B01761 /* Debug */ = {
			isa = XCBuildConfiguration;
			buildSettings = {
				ASSETCATALOG_COMPILER_APPICON_NAME = AppIcon;
				ASSETCATALOG_COMPILER_GLOBAL_ACCENT_COLOR_NAME = AccentColor;
				CODE_SIGN_STYLE = Automatic;
				CURRENT_PROJECT_VERSION = 1;
				DEVELOPMENT_ASSET_PATHS = "\"PracticeChat/Preview Content\"";
				ENABLE_PREVIEWS = YES;
				GENERATE_INFOPLIST_FILE = YES;
				INFOPLIST_KEY_UIApplicationSceneManifest_Generation = YES;
				INFOPLIST_KEY_UIApplicationSupportsIndirectInputEvents = YES;
				INFOPLIST_KEY_UILaunchScreen_Generation = YES;
				INFOPLIST_KEY_UISupportedInterfaceOrientations_iPad = "UIInterfaceOrientationPortrait UIInterfaceOrientationPortraitUpsideDown UIInterfaceOrientationLandscapeLeft UIInterfaceOrientationLandscapeRight";
				INFOPLIST_KEY_UISupportedInterfaceOrientations_iPhone = "UIInterfaceOrientationPortrait UIInterfaceOrientationLandscapeLeft UIInterfaceOrientationLandscapeRight";
				LD_RUNPATH_SEARCH_PATHS = (
					"$(inherited)",
					"@executable_path/Frameworks",
				);
				MARKETING_VERSION = 1.0;
				PRODUCT_BUNDLE_IDENTIFIER = com.msseock.PracticeChat;
				PRODUCT_NAME = "$(TARGET_NAME)";
				SWIFT_EMIT_LOC_STRINGS = YES;
				SWIFT_VERSION = 5.0;
				TARGETED_DEVICE_FAMILY = "1,2";
			};
			name = Debug;
		};
		C541E33E2BE751ED00B01761 /* Release */ = {
			isa = XCBuildConfiguration;
			buildSettings = {
				ASSETCATALOG_COMPILER_APPICON_NAME = AppIcon;
				ASSETCATALOG_COMPILER_GLOBAL_ACCENT_COLOR_NAME = AccentColor;
				CODE_SIGN_STYLE = Automatic;
				CURRENT_PROJECT_VERSION = 1;
				DEVELOPMENT_ASSET_PATHS = "\"PracticeChat/Preview Content\"";
				ENABLE_PREVIEWS = YES;
				GENERATE_INFOPLIST_FILE = YES;
				INFOPLIST_KEY_UIApplicationSceneManifest_Generation = YES;
				INFOPLIST_KEY_UIApplicationSupportsIndirectInputEvents = YES;
				INFOPLIST_KEY_UILaunchScreen_Generation = YES;
				INFOPLIST_KEY_UISupportedInterfaceOrientations_iPad = "UIInterfaceOrientationPortrait UIInterfaceOrientationPortraitUpsideDown UIInterfaceOrientationLandscapeLeft UIInterfaceOrientationLandscapeRight";
				INFOPLIST_KEY_UISupportedInterfaceOrientations_iPhone = "UIInterfaceOrientationPortrait UIInterfaceOrientationLandscapeLeft UIInterfaceOrientationLandscapeRight";
				LD_RUNPATH_SEARCH_PATHS = (
					"$(inherited)",
					"@executable_path/Frameworks",
				);
				MARKETING_VERSION = 1.0;
				PRODUCT_BUNDLE_IDENTIFIER = com.msseock.PracticeChat;
				PRODUCT_NAME = "$(TARGET_NAME)";
				SWIFT_EMIT_LOC_STRINGS = YES;
				SWIFT_VERSION = 5.0;
				TARGETED_DEVICE_FAMILY = "1,2";
			};
			name = Release;
		};
/* End XCBuildConfiguration section */

/* Begin XCConfigurationList section */
		C541E3292BE751EA00B01761 /* Build configuration list for PBXProject "PracticeChat" */ = {
			isa = XCConfigurationList;
			buildConfigurations = (
				C541E33A2BE751ED00B01761 /* Debug */,
				C541E33B2BE751ED00B01761 /* Release */,
			);
			defaultConfigurationIsVisible = 0;
			defaultConfigurationName = Release;
		};
		C541E33C2BE751ED00B01761 /* Build configuration list for PBXNativeTarget "PracticeChat" */ = {
			isa = XCConfigurationList;
			buildConfigurations = (
				C541E33D2BE751ED00B01761 /* Debug */,
				C541E33E2BE751ED00B01761 /* Release */,
			);
			defaultConfigurationIsVisible = 0;
			defaultConfigurationName = Release;
		};
/* End XCConfigurationList section */

/* Begin XCRemoteSwiftPackageReference section */
		C541E3442BE75D5000B01761 /* XCRemoteSwiftPackageReference "generative-ai-swift" */ = {
			isa = XCRemoteSwiftPackageReference;
			repositoryURL = "https://github.com/google/generative-ai-swift";
			requirement = {
				kind = upToNextMajorVersion;
				minimumVersion = 0.5.2;
			};
		};
/* End XCRemoteSwiftPackageReference section */

/* Begin XCSwiftPackageProductDependency section */
		C541E3452BE75D5000B01761 /* GoogleGenerativeAI */ = {
			isa = XCSwiftPackageProductDependency;
			package = C541E3442BE75D5000B01761 /* XCRemoteSwiftPackageReference "generative-ai-swift" */;
			productName = GoogleGenerativeAI;
		};
/* End XCSwiftPackageProductDependency section */
	};
	rootObject = C541E3262BE751EA00B01761 /* Project object */;
}
