// !$*UTF8*$!
{
	archiveVersion = 1;
	classes = {
	};
	objectVersion = 56;
	objects = {

/* Begin PBXBuildFile section */
		C546F88A2B70AAB500B85FDF /* BulletJournalApp.swift in Sources */ = {isa = PBXBuildFile; fileRef = C546F8892B70AAB500B85FDF /* BulletJournalApp.swift */; };
		C546F88C2B70AAB500B85FDF /* ContentView.swift in Sources */ = {isa = PBXBuildFile; fileRef = C546F88B2B70AAB500B85FDF /* ContentView.swift */; };
		C546F88E2B70AAB600B85FDF /* Assets.xcassets in Resources */ = {isa = PBXBuildFile; fileRef = C546F88D2B70AAB600B85FDF /* Assets.xcassets */; };
		C546F8912B70AAB600B85FDF /* Preview Assets.xcassets in Resources */ = {isa = PBXBuildFile; fileRef = C546F8902B70AAB600B85FDF /* Preview Assets.xcassets */; };
		C546F8982B70AD7C00B85FDF /* LayingOutContainerView.swift in Sources */ = {isa = PBXBuildFile; fileRef = C546F8972B70AD7C00B85FDF /* LayingOutContainerView.swift */; };
		C546F89A2B70AE0900B85FDF /* ColorExtension.swift in Sources */ = {isa = PBXBuildFile; fileRef = C546F8992B70AE0900B85FDF /* ColorExtension.swift */; };
		C546F89C2B70B05200B85FDF /* SizingView.swift in Sources */ = {isa = PBXBuildFile; fileRef = C546F89B2B70B05200B85FDF /* SizingView.swift */; };
		C546F89E2B70B53000B85FDF /* AmazingAlignment.swift in Sources */ = {isa = PBXBuildFile; fileRef = C546F89D2B70B53000B85FDF /* AmazingAlignment.swift */; };
		C546F8A02B70BE4000B85FDF /* DubuggingViews.swift in Sources */ = {isa = PBXBuildFile; fileRef = C546F89F2B70BE4000B85FDF /* DubuggingViews.swift */; };
		C546F8A22B70C08100B85FDF /* MoodViewFull.swift in Sources */ = {isa = PBXBuildFile; fileRef = C546F8A12B70C08100B85FDF /* MoodViewFull.swift */; };
/* End PBXBuildFile section */

/* Begin PBXFileReference section */
		C546F8862B70AAB500B85FDF /* BulletJournal.app */ = {isa = PBXFileReference; explicitFileType = wrapper.application; includeInIndex = 0; path = BulletJournal.app; sourceTree = BUILT_PRODUCTS_DIR; };
		C546F8892B70AAB500B85FDF /* BulletJournalApp.swift */ = {isa = PBXFileReference; lastKnownFileType = sourcecode.swift; path = BulletJournalApp.swift; sourceTree = "<group>"; };
		C546F88B2B70AAB500B85FDF /* ContentView.swift */ = {isa = PBXFileReference; lastKnownFileType = sourcecode.swift; path = ContentView.swift; sourceTree = "<group>"; };
		C546F88D2B70AAB600B85FDF /* Assets.xcassets */ = {isa = PBXFileReference; lastKnownFileType = folder.assetcatalog; path = Assets.xcassets; sourceTree = "<group>"; };
		C546F8902B70AAB600B85FDF /* Preview Assets.xcassets */ = {isa = PBXFileReference; lastKnownFileType = folder.assetcatalog; path = "Preview Assets.xcassets"; sourceTree = "<group>"; };
		C546F8972B70AD7C00B85FDF /* LayingOutContainerView.swift */ = {isa = PBXFileReference; lastKnownFileType = sourcecode.swift; path = LayingOutContainerView.swift; sourceTree = "<group>"; };
		C546F8992B70AE0900B85FDF /* ColorExtension.swift */ = {isa = PBXFileReference; lastKnownFileType = sourcecode.swift; path = ColorExtension.swift; sourceTree = "<group>"; };
		C546F89B2B70B05200B85FDF /* SizingView.swift */ = {isa = PBXFileReference; lastKnownFileType = sourcecode.swift; path = SizingView.swift; sourceTree = "<group>"; };
		C546F89D2B70B53000B85FDF /* AmazingAlignment.swift */ = {isa = PBXFileReference; lastKnownFileType = sourcecode.swift; path = AmazingAlignment.swift; sourceTree = "<group>"; };
		C546F89F2B70BE4000B85FDF /* DubuggingViews.swift */ = {isa = PBXFileReference; lastKnownFileType = sourcecode.swift; path = DubuggingViews.swift; sourceTree = "<group>"; };
		C546F8A12B70C08100B85FDF /* MoodViewFull.swift */ = {isa = PBXFileReference; lastKnownFileType = sourcecode.swift; path = MoodViewFull.swift; sourceTree = "<group>"; };
/* End PBXFileReference section */

/* Begin PBXFrameworksBuildPhase section */
		C546F8832B70AAB500B85FDF /* Frameworks */ = {
			isa = PBXFrameworksBuildPhase;
			buildActionMask = 2147483647;
			files = (
			);
			runOnlyForDeploymentPostprocessing = 0;
		};
/* End PBXFrameworksBuildPhase section */

/* Begin PBXGroup section */
		C546F87D2B70AAB500B85FDF = {
			isa = PBXGroup;
			children = (
				C546F8992B70AE0900B85FDF /* ColorExtension.swift */,
				C546F8882B70AAB500B85FDF /* BulletJournal */,
				C546F8872B70AAB500B85FDF /* Products */,
			);
			sourceTree = "<group>";
		};
		C546F8872B70AAB500B85FDF /* Products */ = {
			isa = PBXGroup;
			children = (
				C546F8862B70AAB500B85FDF /* BulletJournal.app */,
			);
			name = Products;
			sourceTree = "<group>";
		};
		C546F8882B70AAB500B85FDF /* BulletJournal */ = {
			isa = PBXGroup;
			children = (
				C546F8892B70AAB500B85FDF /* BulletJournalApp.swift */,
				C546F88B2B70AAB500B85FDF /* ContentView.swift */,
				C546F8972B70AD7C00B85FDF /* LayingOutContainerView.swift */,
				C546F89B2B70B05200B85FDF /* SizingView.swift */,
				C546F89D2B70B53000B85FDF /* AmazingAlignment.swift */,
				C546F89F2B70BE4000B85FDF /* DubuggingViews.swift */,
				C546F8A12B70C08100B85FDF /* MoodViewFull.swift */,
				C546F88D2B70AAB600B85FDF /* Assets.xcassets */,
				C546F88F2B70AAB600B85FDF /* Preview Content */,
			);
			path = BulletJournal;
			sourceTree = "<group>";
		};
		C546F88F2B70AAB600B85FDF /* Preview Content */ = {
			isa = PBXGroup;
			children = (
				C546F8902B70AAB600B85FDF /* Preview Assets.xcassets */,
			);
			path = "Preview Content";
			sourceTree = "<group>";
		};
/* End PBXGroup section */

/* Begin PBXNativeTarget section */
		C546F8852B70AAB500B85FDF /* BulletJournal */ = {
			isa = PBXNativeTarget;
			buildConfigurationList = C546F8942B70AAB600B85FDF /* Build configuration list for PBXNativeTarget "BulletJournal" */;
			buildPhases = (
				C546F8822B70AAB500B85FDF /* Sources */,
				C546F8832B70AAB500B85FDF /* Frameworks */,
				C546F8842B70AAB500B85FDF /* Resources */,
			);
			buildRules = (
			);
			dependencies = (
			);
			name = BulletJournal;
			productName = BulletJournal;
			productReference = C546F8862B70AAB500B85FDF /* BulletJournal.app */;
			productType = "com.apple.product-type.application";
		};
/* End PBXNativeTarget section */

/* Begin PBXProject section */
		C546F87E2B70AAB500B85FDF /* Project object */ = {
			isa = PBXProject;
			attributes = {
				BuildIndependentTargetsInParallel = 1;
				LastSwiftUpdateCheck = 1520;
				LastUpgradeCheck = 1520;
				TargetAttributes = {
					C546F8852B70AAB500B85FDF = {
						CreatedOnToolsVersion = 15.2;
					};
				};
			};
			buildConfigurationList = C546F8812B70AAB500B85FDF /* Build configuration list for PBXProject "BulletJournal" */;
			compatibilityVersion = "Xcode 14.0";
			developmentRegion = en;
			hasScannedForEncodings = 0;
			knownRegions = (
				en,
				Base,
			);
			mainGroup = C546F87D2B70AAB500B85FDF;
			productRefGroup = C546F8872B70AAB500B85FDF /* Products */;
			projectDirPath = "";
			projectRoot = "";
			targets = (
				C546F8852B70AAB500B85FDF /* BulletJournal */,
			);
		};
/* End PBXProject section */

/* Begin PBXResourcesBuildPhase section */
		C546F8842B70AAB500B85FDF /* Resources */ = {
			isa = PBXResourcesBuildPhase;
			buildActionMask = 2147483647;
			files = (
				C546F8912B70AAB600B85FDF /* Preview Assets.xcassets in Resources */,
				C546F88E2B70AAB600B85FDF /* Assets.xcassets in Resources */,
			);
			runOnlyForDeploymentPostprocessing = 0;
		};
/* End PBXResourcesBuildPhase section */

/* Begin PBXSourcesBuildPhase section */
		C546F8822B70AAB500B85FDF /* Sources */ = {
			isa = PBXSourcesBuildPhase;
			buildActionMask = 2147483647;
			files = (
				C546F88C2B70AAB500B85FDF /* ContentView.swift in Sources */,
				C546F8982B70AD7C00B85FDF /* LayingOutContainerView.swift in Sources */,
				C546F8A22B70C08100B85FDF /* MoodViewFull.swift in Sources */,
				C546F8A02B70BE4000B85FDF /* DubuggingViews.swift in Sources */,
				C546F88A2B70AAB500B85FDF /* BulletJournalApp.swift in Sources */,
				C546F89E2B70B53000B85FDF /* AmazingAlignment.swift in Sources */,
				C546F89A2B70AE0900B85FDF /* ColorExtension.swift in Sources */,
				C546F89C2B70B05200B85FDF /* SizingView.swift in Sources */,
			);
			runOnlyForDeploymentPostprocessing = 0;
		};
/* End PBXSourcesBuildPhase section */

/* Begin XCBuildConfiguration section */
		C546F8922B70AAB600B85FDF /* Debug */ = {
			isa = XCBuildConfiguration;
			buildSettings = {
				ALWAYS_SEARCH_USER_PATHS = NO;
				ASSETCATALOG_COMPILER_GENERATE_SWIFT_ASSET_SYMBOL_EXTENSIONS = YES;
				CLANG_ANALYZER_NONNULL = YES;
				CLANG_ANALYZER_NUMBER_OBJECT_CONVERSION = YES_AGGRESSIVE;
				CLANG_CXX_LANGUAGE_STANDARD = "gnu++20";
				CLANG_ENABLE_MODULES = YES;
				CLANG_ENABLE_OBJC_ARC = YES;
				CLANG_ENABLE_OBJC_WEAK = YES;
				CLANG_WARN_BLOCK_CAPTURE_AUTORELEASING = YES;
				CLANG_WARN_BOOL_CONVERSION = YES;
				CLANG_WARN_COMMA = YES;
				CLANG_WARN_CONSTANT_CONVERSION = YES;
				CLANG_WARN_DEPRECATED_OBJC_IMPLEMENTATIONS = YES;
				CLANG_WARN_DIRECT_OBJC_ISA_USAGE = YES_ERROR;
				CLANG_WARN_DOCUMENTATION_COMMENTS = YES;
				CLANG_WARN_EMPTY_BODY = YES;
				CLANG_WARN_ENUM_CONVERSION = YES;
				CLANG_WARN_INFINITE_RECURSION = YES;
				CLANG_WARN_INT_CONVERSION = YES;
				CLANG_WARN_NON_LITERAL_NULL_CONVERSION = YES;
				CLANG_WARN_OBJC_IMPLICIT_RETAIN_SELF = YES;
				CLANG_WARN_OBJC_LITERAL_CONVERSION = YES;
				CLANG_WARN_OBJC_ROOT_CLASS = YES_ERROR;
				CLANG_WARN_QUOTED_INCLUDE_IN_FRAMEWORK_HEADER = YES;
				CLANG_WARN_RANGE_LOOP_ANALYSIS = YES;
				CLANG_WARN_STRICT_PROTOTYPES = YES;
				CLANG_WARN_SUSPICIOUS_MOVE = YES;
				CLANG_WARN_UNGUARDED_AVAILABILITY = YES_AGGRESSIVE;
				CLANG_WARN_UNREACHABLE_CODE = YES;
				CLANG_WARN__DUPLICATE_METHOD_MATCH = YES;
				COPY_PHASE_STRIP = NO;
				DEBUG_INFORMATION_FORMAT = dwarf;
				ENABLE_STRICT_OBJC_MSGSEND = YES;
				ENABLE_TESTABILITY = YES;
				ENABLE_USER_SCRIPT_SANDBOXING = YES;
				GCC_C_LANGUAGE_STANDARD = gnu17;
				GCC_DYNAMIC_NO_PIC = NO;
				GCC_NO_COMMON_BLOCKS = YES;
				GCC_OPTIMIZATION_LEVEL = 0;
				GCC_PREPROCESSOR_DEFINITIONS = (
					"DEBUG=1",
					"$(inherited)",
				);
				GCC_WARN_64_TO_32_BIT_CONVERSION = YES;
				GCC_WARN_ABOUT_RETURN_TYPE = YES_ERROR;
				GCC_WARN_UNDECLARED_SELECTOR = YES;
				GCC_WARN_UNINITIALIZED_AUTOS = YES_AGGRESSIVE;
				GCC_WARN_UNUSED_FUNCTION = YES;
				GCC_WARN_UNUSED_VARIABLE = YES;
				IPHONEOS_DEPLOYMENT_TARGET = 17.2;
				LOCALIZATION_PREFERS_STRING_CATALOGS = YES;
				MTL_ENABLE_DEBUG_INFO = INCLUDE_SOURCE;
				MTL_FAST_MATH = YES;
				ONLY_ACTIVE_ARCH = YES;
				SDKROOT = iphoneos;
				SWIFT_ACTIVE_COMPILATION_CONDITIONS = "DEBUG $(inherited)";
				SWIFT_OPTIMIZATION_LEVEL = "-Onone";
			};
			name = Debug;
		};
		C546F8932B70AAB600B85FDF /* Release */ = {
			isa = XCBuildConfiguration;
			buildSettings = {
				ALWAYS_SEARCH_USER_PATHS = NO;
				ASSETCATALOG_COMPILER_GENERATE_SWIFT_ASSET_SYMBOL_EXTENSIONS = YES;
				CLANG_ANALYZER_NONNULL = YES;
				CLANG_ANALYZER_NUMBER_OBJECT_CONVERSION = YES_AGGRESSIVE;
				CLANG_CXX_LANGUAGE_STANDARD = "gnu++20";
				CLANG_ENABLE_MODULES = YES;
				CLANG_ENABLE_OBJC_ARC = YES;
				CLANG_ENABLE_OBJC_WEAK = YES;
				CLANG_WARN_BLOCK_CAPTURE_AUTORELEASING = YES;
				CLANG_WARN_BOOL_CONVERSION = YES;
				CLANG_WARN_COMMA = YES;
				CLANG_WARN_CONSTANT_CONVERSION = YES;
				CLANG_WARN_DEPRECATED_OBJC_IMPLEMENTATIONS = YES;
				CLANG_WARN_DIRECT_OBJC_ISA_USAGE = YES_ERROR;
				CLANG_WARN_DOCUMENTATION_COMMENTS = YES;
				CLANG_WARN_EMPTY_BODY = YES;
				CLANG_WARN_ENUM_CONVERSION = YES;
				CLANG_WARN_INFINITE_RECURSION = YES;
				CLANG_WARN_INT_CONVERSION = YES;
				CLANG_WARN_NON_LITERAL_NULL_CONVERSION = YES;
				CLANG_WARN_OBJC_IMPLICIT_RETAIN_SELF = YES;
				CLANG_WARN_OBJC_LITERAL_CONVERSION = YES;
				CLANG_WARN_OBJC_ROOT_CLASS = YES_ERROR;
				CLANG_WARN_QUOTED_INCLUDE_IN_FRAMEWORK_HEADER = YES;
				CLANG_WARN_RANGE_LOOP_ANALYSIS = YES;
				CLANG_WARN_STRICT_PROTOTYPES = YES;
				CLANG_WARN_SUSPICIOUS_MOVE = YES;
				CLANG_WARN_UNGUARDED_AVAILABILITY = YES_AGGRESSIVE;
				CLANG_WARN_UNREACHABLE_CODE = YES;
				CLANG_WARN__DUPLICATE_METHOD_MATCH = YES;
				COPY_PHASE_STRIP = NO;
				DEBUG_INFORMATION_FORMAT = "dwarf-with-dsym";
				ENABLE_NS_ASSERTIONS = NO;
				ENABLE_STRICT_OBJC_MSGSEND = YES;
				ENABLE_USER_SCRIPT_SANDBOXING = YES;
				GCC_C_LANGUAGE_STANDARD = gnu17;
				GCC_NO_COMMON_BLOCKS = YES;
				GCC_WARN_64_TO_32_BIT_CONVERSION = YES;
				GCC_WARN_ABOUT_RETURN_TYPE = YES_ERROR;
				GCC_WARN_UNDECLARED_SELECTOR = YES;
				GCC_WARN_UNINITIALIZED_AUTOS = YES_AGGRESSIVE;
				GCC_WARN_UNUSED_FUNCTION = YES;
				GCC_WARN_UNUSED_VARIABLE = YES;
				IPHONEOS_DEPLOYMENT_TARGET = 17.2;
				LOCALIZATION_PREFERS_STRING_CATALOGS = YES;
				MTL_ENABLE_DEBUG_INFO = NO;
				MTL_FAST_MATH = YES;
				SDKROOT = iphoneos;
				SWIFT_COMPILATION_MODE = wholemodule;
				VALIDATE_PRODUCT = YES;
			};
			name = Release;
		};
		C546F8952B70AAB600B85FDF /* Debug */ = {
			isa = XCBuildConfiguration;
			buildSettings = {
				ASSETCATALOG_COMPILER_APPICON_NAME = AppIcon;
				ASSETCATALOG_COMPILER_GLOBAL_ACCENT_COLOR_NAME = AccentColor;
				CODE_SIGN_STYLE = Automatic;
				CURRENT_PROJECT_VERSION = 1;
				DEVELOPMENT_ASSET_PATHS = "\"BulletJournal/Preview Content\"";
				ENABLE_PREVIEWS = YES;
				GENERATE_INFOPLIST_FILE = YES;
				INFOPLIST_KEY_UIApplicationSceneManifest_Generation = YES;
				INFOPLIST_KEY_UIApplicationSupportsIndirectInputEvents = YES;
				INFOPLIST_KEY_UILaunchScreen_Generation = YES;
				INFOPLIST_KEY_UISupportedInterfaceOrientations_iPad = "UIInterfaceOrientationPortrait UIInterfaceOrientationPortraitUpsideDown UIInterfaceOrientationLandscapeLeft UIInterfaceOrientationLandscapeRight";
				INFOPLIST_KEY_UISupportedInterfaceOrientations_iPhone = "UIInterfaceOrientationPortrait UIInterfaceOrientationLandscapeLeft UIInterfaceOrientationLandscapeRight";
				LD_RUNPATH_SEARCH_PATHS = (
					"$(inherited)",
					"@executable_path/Frameworks",
				);
				MARKETING_VERSION = 1.0;
				PRODUCT_BUNDLE_IDENTIFIER = com.msseock.BulletJournal;
				PRODUCT_NAME = "$(TARGET_NAME)";
				SWIFT_EMIT_LOC_STRINGS = YES;
				SWIFT_VERSION = 5.0;
				TARGETED_DEVICE_FAMILY = "1,2";
			};
			name = Debug;
		};
		C546F8962B70AAB600B85FDF /* Release */ = {
			isa = XCBuildConfiguration;
			buildSettings = {
				ASSETCATALOG_COMPILER_APPICON_NAME = AppIcon;
				ASSETCATALOG_COMPILER_GLOBAL_ACCENT_COLOR_NAME = AccentColor;
				CODE_SIGN_STYLE = Automatic;
				CURRENT_PROJECT_VERSION = 1;
				DEVELOPMENT_ASSET_PATHS = "\"BulletJournal/Preview Content\"";
				ENABLE_PREVIEWS = YES;
				GENERATE_INFOPLIST_FILE = YES;
				INFOPLIST_KEY_UIApplicationSceneManifest_Generation = YES;
				INFOPLIST_KEY_UIApplicationSupportsIndirectInputEvents = YES;
				INFOPLIST_KEY_UILaunchScreen_Generation = YES;
				INFOPLIST_KEY_UISupportedInterfaceOrientations_iPad = "UIInterfaceOrientationPortrait UIInterfaceOrientationPortraitUpsideDown UIInterfaceOrientationLandscapeLeft UIInterfaceOrientationLandscapeRight";
				INFOPLIST_KEY_UISupportedInterfaceOrientations_iPhone = "UIInterfaceOrientationPortrait UIInterfaceOrientationLandscapeLeft UIInterfaceOrientationLandscapeRight";
				LD_RUNPATH_SEARCH_PATHS = (
					"$(inherited)",
					"@executable_path/Frameworks",
				);
				MARKETING_VERSION = 1.0;
				PRODUCT_BUNDLE_IDENTIFIER = com.msseock.BulletJournal;
				PRODUCT_NAME = "$(TARGET_NAME)";
				SWIFT_EMIT_LOC_STRINGS = YES;
				SWIFT_VERSION = 5.0;
				TARGETED_DEVICE_FAMILY = "1,2";
			};
			name = Release;
		};
/* End XCBuildConfiguration section */

/* Begin XCConfigurationList section */
		C546F8812B70AAB500B85FDF /* Build configuration list for PBXProject "BulletJournal" */ = {
			isa = XCConfigurationList;
			buildConfigurations = (
				C546F8922B70AAB600B85FDF /* Debug */,
				C546F8932B70AAB600B85FDF /* Release */,
			);
			defaultConfigurationIsVisible = 0;
			defaultConfigurationName = Release;
		};
		C546F8942B70AAB600B85FDF /* Build configuration list for PBXNativeTarget "BulletJournal" */ = {
			isa = XCConfigurationList;
			buildConfigurations = (
				C546F8952B70AAB600B85FDF /* Debug */,
				C546F8962B70AAB600B85FDF /* Release */,
			);
			defaultConfigurationIsVisible = 0;
			defaultConfigurationName = Release;
		};
/* End XCConfigurationList section */
	};
	rootObject = C546F87E2B70AAB500B85FDF /* Project object */;
}
