// !$*UTF8*$!
{
	archiveVersion = 1;
	classes = {
	};
	objectVersion = 56;
	objects = {

/* Begin PBXBuildFile section */
		C50B10A02B579A380034CB2B /* hikeData.json in Resources */ = {isa = PBXBuildFile; fileRef = C50B109F2B579A380034CB2B /* hikeData.json */; };
		C50B10A22B579AF30034CB2B /* Hike.swift in Sources */ = {isa = PBXBuildFile; fileRef = C50B10A12B579AF30034CB2B /* Hike.swift */; };
		C50B10A82B57A0680034CB2B /* GraphCapsule.swift in Sources */ = {isa = PBXBuildFile; fileRef = C50B10A42B57A0680034CB2B /* GraphCapsule.swift */; };
		C50B10A92B57A0680034CB2B /* HikeGraph.swift in Sources */ = {isa = PBXBuildFile; fileRef = C50B10A52B57A0680034CB2B /* HikeGraph.swift */; };
		C50B10AA2B57A0680034CB2B /* HikeDetail.swift in Sources */ = {isa = PBXBuildFile; fileRef = C50B10A62B57A0680034CB2B /* HikeDetail.swift */; };
		C50B10AB2B57A0680034CB2B /* HikeView.swift in Sources */ = {isa = PBXBuildFile; fileRef = C50B10A72B57A0680034CB2B /* HikeView.swift */; };
		C51ED00F2B4BFBCA00E100E8 /* FavoriteButton.swift in Sources */ = {isa = PBXBuildFile; fileRef = C51ED00E2B4BFBCA00E100E8 /* FavoriteButton.swift */; };
		C56304522B5648E000632364 /* HexagonParameters.swift in Sources */ = {isa = PBXBuildFile; fileRef = C56304512B5648E000632364 /* HexagonParameters.swift */; };
		C56304542B564EEE00632364 /* BadgeBackground.swift in Sources */ = {isa = PBXBuildFile; fileRef = C56304532B564EEE00632364 /* BadgeBackground.swift */; };
		C56304562B565A9B00632364 /* BadgeSymbol.swift in Sources */ = {isa = PBXBuildFile; fileRef = C56304552B565A9B00632364 /* BadgeSymbol.swift */; };
		C56304582B565E7A00632364 /* RotatedBadgeSymbol.swift in Sources */ = {isa = PBXBuildFile; fileRef = C56304572B565E7A00632364 /* RotatedBadgeSymbol.swift */; };
		C563045A2B565F1000632364 /* Badge.swift in Sources */ = {isa = PBXBuildFile; fileRef = C56304592B565F1000632364 /* Badge.swift */; };
		C580F2172B0D094E001E0F4B /* LandmarksApp.swift in Sources */ = {isa = PBXBuildFile; fileRef = C580F2162B0D094E001E0F4B /* LandmarksApp.swift */; };
		C580F2192B0D094E001E0F4B /* ContentView.swift in Sources */ = {isa = PBXBuildFile; fileRef = C580F2182B0D094E001E0F4B /* ContentView.swift */; };
		C580F21B2B0D0950001E0F4B /* Assets.xcassets in Resources */ = {isa = PBXBuildFile; fileRef = C580F21A2B0D0950001E0F4B /* Assets.xcassets */; };
		C580F21E2B0D0950001E0F4B /* Preview Assets.xcassets in Resources */ = {isa = PBXBuildFile; fileRef = C580F21D2B0D0950001E0F4B /* Preview Assets.xcassets */; };
		C580F2252B0D1B39001E0F4B /* CircleImage.swift in Sources */ = {isa = PBXBuildFile; fileRef = C580F2242B0D1B38001E0F4B /* CircleImage.swift */; };
		C580F2272B0D1C3B001E0F4B /* MapView.swift in Sources */ = {isa = PBXBuildFile; fileRef = C580F2262B0D1C3B001E0F4B /* MapView.swift */; };
		C5E0B4C82B1EDFC80048A2AA /* landmarkData.json in Resources */ = {isa = PBXBuildFile; fileRef = C5E0B4C72B1EDFC80048A2AA /* landmarkData.json */; };
		C5E0B4CA2B1EDFEE0048A2AA /* Landmark.swift in Sources */ = {isa = PBXBuildFile; fileRef = C5E0B4C92B1EDFEE0048A2AA /* Landmark.swift */; };
		C5E0B4CD2B1EE23D0048A2AA /* ModelData.swift in Sources */ = {isa = PBXBuildFile; fileRef = C5E0B4CC2B1EE23D0048A2AA /* ModelData.swift */; };
		C5E0B4D22B1EE5000048A2AA /* LandmarkRow.swift in Sources */ = {isa = PBXBuildFile; fileRef = C5E0B4D12B1EE5000048A2AA /* LandmarkRow.swift */; };
		C5E0B4D42B1EEA5D0048A2AA /* LandmarkList.swift in Sources */ = {isa = PBXBuildFile; fileRef = C5E0B4D32B1EEA5D0048A2AA /* LandmarkList.swift */; };
		C5E0B4D62B1F8F160048A2AA /* LandmarkDetail.swift in Sources */ = {isa = PBXBuildFile; fileRef = C5E0B4D52B1F8F160048A2AA /* LandmarkDetail.swift */; };
/* End PBXBuildFile section */

/* Begin PBXFileReference section */
		C50B109F2B579A380034CB2B /* hikeData.json */ = {isa = PBXFileReference; fileEncoding = 4; lastKnownFileType = text.json; path = hikeData.json; sourceTree = "<group>"; };
		C50B10A12B579AF30034CB2B /* Hike.swift */ = {isa = PBXFileReference; lastKnownFileType = sourcecode.swift; path = Hike.swift; sourceTree = "<group>"; };
		C50B10A42B57A0680034CB2B /* GraphCapsule.swift */ = {isa = PBXFileReference; fileEncoding = 4; lastKnownFileType = sourcecode.swift; path = GraphCapsule.swift; sourceTree = "<group>"; };
		C50B10A52B57A0680034CB2B /* HikeGraph.swift */ = {isa = PBXFileReference; fileEncoding = 4; lastKnownFileType = sourcecode.swift; path = HikeGraph.swift; sourceTree = "<group>"; };
		C50B10A62B57A0680034CB2B /* HikeDetail.swift */ = {isa = PBXFileReference; fileEncoding = 4; lastKnownFileType = sourcecode.swift; path = HikeDetail.swift; sourceTree = "<group>"; };
		C50B10A72B57A0680034CB2B /* HikeView.swift */ = {isa = PBXFileReference; fileEncoding = 4; lastKnownFileType = sourcecode.swift; path = HikeView.swift; sourceTree = "<group>"; };
		C51ED00E2B4BFBCA00E100E8 /* FavoriteButton.swift */ = {isa = PBXFileReference; lastKnownFileType = sourcecode.swift; path = FavoriteButton.swift; sourceTree = "<group>"; };
		C56304512B5648E000632364 /* HexagonParameters.swift */ = {isa = PBXFileReference; lastKnownFileType = sourcecode.swift; path = HexagonParameters.swift; sourceTree = "<group>"; };
		C56304532B564EEE00632364 /* BadgeBackground.swift */ = {isa = PBXFileReference; lastKnownFileType = sourcecode.swift; path = BadgeBackground.swift; sourceTree = "<group>"; };
		C56304552B565A9B00632364 /* BadgeSymbol.swift */ = {isa = PBXFileReference; lastKnownFileType = sourcecode.swift; path = BadgeSymbol.swift; sourceTree = "<group>"; };
		C56304572B565E7A00632364 /* RotatedBadgeSymbol.swift */ = {isa = PBXFileReference; lastKnownFileType = sourcecode.swift; path = RotatedBadgeSymbol.swift; sourceTree = "<group>"; };
		C56304592B565F1000632364 /* Badge.swift */ = {isa = PBXFileReference; lastKnownFileType = sourcecode.swift; path = Badge.swift; sourceTree = "<group>"; };
		C580F2132B0D094E001E0F4B /* Landmarks.app */ = {isa = PBXFileReference; explicitFileType = wrapper.application; includeInIndex = 0; path = Landmarks.app; sourceTree = BUILT_PRODUCTS_DIR; };
		C580F2162B0D094E001E0F4B /* LandmarksApp.swift */ = {isa = PBXFileReference; lastKnownFileType = sourcecode.swift; path = LandmarksApp.swift; sourceTree = "<group>"; };
		C580F2182B0D094E001E0F4B /* ContentView.swift */ = {isa = PBXFileReference; lastKnownFileType = sourcecode.swift; path = ContentView.swift; sourceTree = "<group>"; };
		C580F21A2B0D0950001E0F4B /* Assets.xcassets */ = {isa = PBXFileReference; lastKnownFileType = folder.assetcatalog; path = Assets.xcassets; sourceTree = "<group>"; };
		C580F21D2B0D0950001E0F4B /* Preview Assets.xcassets */ = {isa = PBXFileReference; lastKnownFileType = folder.assetcatalog; path = "Preview Assets.xcassets"; sourceTree = "<group>"; };
		C580F2242B0D1B38001E0F4B /* CircleImage.swift */ = {isa = PBXFileReference; lastKnownFileType = sourcecode.swift; path = CircleImage.swift; sourceTree = "<group>"; };
		C580F2262B0D1C3B001E0F4B /* MapView.swift */ = {isa = PBXFileReference; lastKnownFileType = sourcecode.swift; path = MapView.swift; sourceTree = "<group>"; };
		C5E0B4C72B1EDFC80048A2AA /* landmarkData.json */ = {isa = PBXFileReference; fileEncoding = 4; lastKnownFileType = text.json; path = landmarkData.json; sourceTree = "<group>"; };
		C5E0B4C92B1EDFEE0048A2AA /* Landmark.swift */ = {isa = PBXFileReference; lastKnownFileType = sourcecode.swift; path = Landmark.swift; sourceTree = "<group>"; };
		C5E0B4CC2B1EE23D0048A2AA /* ModelData.swift */ = {isa = PBXFileReference; lastKnownFileType = sourcecode.swift; path = ModelData.swift; sourceTree = "<group>"; };
		C5E0B4D12B1EE5000048A2AA /* LandmarkRow.swift */ = {isa = PBXFileReference; lastKnownFileType = sourcecode.swift; path = LandmarkRow.swift; sourceTree = "<group>"; };
		C5E0B4D32B1EEA5D0048A2AA /* LandmarkList.swift */ = {isa = PBXFileReference; lastKnownFileType = sourcecode.swift; path = LandmarkList.swift; sourceTree = "<group>"; };
		C5E0B4D52B1F8F160048A2AA /* LandmarkDetail.swift */ = {isa = PBXFileReference; lastKnownFileType = sourcecode.swift; path = LandmarkDetail.swift; sourceTree = "<group>"; };
/* End PBXFileReference section */

/* Begin PBXFrameworksBuildPhase section */
		C580F2102B0D094E001E0F4B /* Frameworks */ = {
			isa = PBXFrameworksBuildPhase;
			buildActionMask = 2147483647;
			files = (
			);
			runOnlyForDeploymentPostprocessing = 0;
		};
/* End PBXFrameworksBuildPhase section */

/* Begin PBXGroup section */
		C50B10A32B57A0680034CB2B /* Hikes */ = {
			isa = PBXGroup;
			children = (
				C50B10A42B57A0680034CB2B /* GraphCapsule.swift */,
				C50B10A52B57A0680034CB2B /* HikeGraph.swift */,
				C50B10A62B57A0680034CB2B /* HikeDetail.swift */,
				C50B10A72B57A0680034CB2B /* HikeView.swift */,
			);
			path = Hikes;
			sourceTree = "<group>";
		};
		C51ED0102B4C2E8800E100E8 /* Landmarks */ = {
			isa = PBXGroup;
			children = (
				C5E0B4D12B1EE5000048A2AA /* LandmarkRow.swift */,
				C5E0B4D32B1EEA5D0048A2AA /* LandmarkList.swift */,
				C5E0B4D52B1F8F160048A2AA /* LandmarkDetail.swift */,
			);
			path = Landmarks;
			sourceTree = "<group>";
		};
		C51ED0112B4C2E9300E100E8 /* Helper */ = {
			isa = PBXGroup;
			children = (
				C580F2262B0D1C3B001E0F4B /* MapView.swift */,
				C580F2242B0D1B38001E0F4B /* CircleImage.swift */,
				C51ED00E2B4BFBCA00E100E8 /* FavoriteButton.swift */,
			);
			path = Helper;
			sourceTree = "<group>";
		};
		C563045B2B56611800632364 /* Badges */ = {
			isa = PBXGroup;
			children = (
				C56304512B5648E000632364 /* HexagonParameters.swift */,
				C56304532B564EEE00632364 /* BadgeBackground.swift */,
				C56304552B565A9B00632364 /* BadgeSymbol.swift */,
				C56304572B565E7A00632364 /* RotatedBadgeSymbol.swift */,
				C56304592B565F1000632364 /* Badge.swift */,
			);
			path = Badges;
			sourceTree = "<group>";
		};
		C580F20A2B0D094E001E0F4B = {
			isa = PBXGroup;
			children = (
				C580F2152B0D094E001E0F4B /* Landmarks */,
				C580F2142B0D094E001E0F4B /* Products */,
			);
			sourceTree = "<group>";
		};
		C580F2142B0D094E001E0F4B /* Products */ = {
			isa = PBXGroup;
			children = (
				C580F2132B0D094E001E0F4B /* Landmarks.app */,
			);
			name = Products;
			sourceTree = "<group>";
		};
		C580F2152B0D094E001E0F4B /* Landmarks */ = {
			isa = PBXGroup;
			children = (
				C580F2162B0D094E001E0F4B /* LandmarksApp.swift */,
				C5E0B4CE2B1EE37B0048A2AA /* Views */,
				C5E0B4CF2B1EE3860048A2AA /* Model */,
				C5E0B4D02B1EE38C0048A2AA /* Resources */,
				C580F21A2B0D0950001E0F4B /* Assets.xcassets */,
				C580F21C2B0D0950001E0F4B /* Preview Content */,
			);
			path = Landmarks;
			sourceTree = "<group>";
		};
		C580F21C2B0D0950001E0F4B /* Preview Content */ = {
			isa = PBXGroup;
			children = (
				C580F21D2B0D0950001E0F4B /* Preview Assets.xcassets */,
			);
			path = "Preview Content";
			sourceTree = "<group>";
		};
		C5E0B4CE2B1EE37B0048A2AA /* Views */ = {
			isa = PBXGroup;
			children = (
				C50B10A32B57A0680034CB2B /* Hikes */,
				C580F2182B0D094E001E0F4B /* ContentView.swift */,
				C51ED0102B4C2E8800E100E8 /* Landmarks */,
				C563045B2B56611800632364 /* Badges */,
				C51ED0112B4C2E9300E100E8 /* Helper */,
			);
			path = Views;
			sourceTree = "<group>";
		};
		C5E0B4CF2B1EE3860048A2AA /* Model */ = {
			isa = PBXGroup;
			children = (
				C5E0B4CC2B1EE23D0048A2AA /* ModelData.swift */,
				C5E0B4C92B1EDFEE0048A2AA /* Landmark.swift */,
				C50B10A12B579AF30034CB2B /* Hike.swift */,
			);
			path = Model;
			sourceTree = "<group>";
		};
		C5E0B4D02B1EE38C0048A2AA /* Resources */ = {
			isa = PBXGroup;
			children = (
				C50B109F2B579A380034CB2B /* hikeData.json */,
				C5E0B4C72B1EDFC80048A2AA /* landmarkData.json */,
			);
			path = Resources;
			sourceTree = "<group>";
		};
/* End PBXGroup section */

/* Begin PBXNativeTarget section */
		C580F2122B0D094E001E0F4B /* Landmarks */ = {
			isa = PBXNativeTarget;
			buildConfigurationList = C580F2212B0D0950001E0F4B /* Build configuration list for PBXNativeTarget "Landmarks" */;
			buildPhases = (
				C580F20F2B0D094E001E0F4B /* Sources */,
				C580F2102B0D094E001E0F4B /* Frameworks */,
				C580F2112B0D094E001E0F4B /* Resources */,
			);
			buildRules = (
			);
			dependencies = (
			);
			name = Landmarks;
			productName = Landmarks;
			productReference = C580F2132B0D094E001E0F4B /* Landmarks.app */;
			productType = "com.apple.product-type.application";
		};
/* End PBXNativeTarget section */

/* Begin PBXProject section */
		C580F20B2B0D094E001E0F4B /* Project object */ = {
			isa = PBXProject;
			attributes = {
				BuildIndependentTargetsInParallel = 1;
				LastSwiftUpdateCheck = 1500;
				LastUpgradeCheck = 1500;
				TargetAttributes = {
					C580F2122B0D094E001E0F4B = {
						CreatedOnToolsVersion = 15.0.1;
					};
				};
			};
			buildConfigurationList = C580F20E2B0D094E001E0F4B /* Build configuration list for PBXProject "Landmarks" */;
			compatibilityVersion = "Xcode 14.0";
			developmentRegion = en;
			hasScannedForEncodings = 0;
			knownRegions = (
				en,
				Base,
			);
			mainGroup = C580F20A2B0D094E001E0F4B;
			productRefGroup = C580F2142B0D094E001E0F4B /* Products */;
			projectDirPath = "";
			projectRoot = "";
			targets = (
				C580F2122B0D094E001E0F4B /* Landmarks */,
			);
		};
/* End PBXProject section */

/* Begin PBXResourcesBuildPhase section */
		C580F2112B0D094E001E0F4B /* Resources */ = {
			isa = PBXResourcesBuildPhase;
			buildActionMask = 2147483647;
			files = (
				C50B10A02B579A380034CB2B /* hikeData.json in Resources */,
				C580F21E2B0D0950001E0F4B /* Preview Assets.xcassets in Resources */,
				C580F21B2B0D0950001E0F4B /* Assets.xcassets in Resources */,
				C5E0B4C82B1EDFC80048A2AA /* landmarkData.json in Resources */,
			);
			runOnlyForDeploymentPostprocessing = 0;
		};
/* End PBXResourcesBuildPhase section */

/* Begin PBXSourcesBuildPhase section */
		C580F20F2B0D094E001E0F4B /* Sources */ = {
			isa = PBXSourcesBuildPhase;
			buildActionMask = 2147483647;
			files = (
				C580F2192B0D094E001E0F4B /* ContentView.swift in Sources */,
				C50B10A92B57A0680034CB2B /* HikeGraph.swift in Sources */,
				C563045A2B565F1000632364 /* Badge.swift in Sources */,
				C580F2272B0D1C3B001E0F4B /* MapView.swift in Sources */,
				C50B10A82B57A0680034CB2B /* GraphCapsule.swift in Sources */,
				C580F2172B0D094E001E0F4B /* LandmarksApp.swift in Sources */,
				C51ED00F2B4BFBCA00E100E8 /* FavoriteButton.swift in Sources */,
				C50B10AA2B57A0680034CB2B /* HikeDetail.swift in Sources */,
				C56304522B5648E000632364 /* HexagonParameters.swift in Sources */,
				C50B10A22B579AF30034CB2B /* Hike.swift in Sources */,
				C56304582B565E7A00632364 /* RotatedBadgeSymbol.swift in Sources */,
				C56304562B565A9B00632364 /* BadgeSymbol.swift in Sources */,
				C5E0B4D42B1EEA5D0048A2AA /* LandmarkList.swift in Sources */,
				C50B10AB2B57A0680034CB2B /* HikeView.swift in Sources */,
				C5E0B4D62B1F8F160048A2AA /* LandmarkDetail.swift in Sources */,
				C56304542B564EEE00632364 /* BadgeBackground.swift in Sources */,
				C580F2252B0D1B39001E0F4B /* CircleImage.swift in Sources */,
				C5E0B4CA2B1EDFEE0048A2AA /* Landmark.swift in Sources */,
				C5E0B4D22B1EE5000048A2AA /* LandmarkRow.swift in Sources */,
				C5E0B4CD2B1EE23D0048A2AA /* ModelData.swift in Sources */,
			);
			runOnlyForDeploymentPostprocessing = 0;
		};
/* End PBXSourcesBuildPhase section */

/* Begin XCBuildConfiguration section */
		C580F21F2B0D0950001E0F4B /* Debug */ = {
			isa = XCBuildConfiguration;
			buildSettings = {
				ALWAYS_SEARCH_USER_PATHS = NO;
				ASSETCATALOG_COMPILER_GENERATE_SWIFT_ASSET_SYMBOL_EXTENSIONS = YES;
				CLANG_ANALYZER_NONNULL = YES;
				CLANG_ANALYZER_NUMBER_OBJECT_CONVERSION = YES_AGGRESSIVE;
				CLANG_CXX_LANGUAGE_STANDARD = "gnu++20";
				CLANG_ENABLE_MODULES = YES;
				CLANG_ENABLE_OBJC_ARC = YES;
				CLANG_ENABLE_OBJC_WEAK = YES;
				CLANG_WARN_BLOCK_CAPTURE_AUTORELEASING = YES;
				CLANG_WARN_BOOL_CONVERSION = YES;
				CLANG_WARN_COMMA = YES;
				CLANG_WARN_CONSTANT_CONVERSION = YES;
				CLANG_WARN_DEPRECATED_OBJC_IMPLEMENTATIONS = YES;
				CLANG_WARN_DIRECT_OBJC_ISA_USAGE = YES_ERROR;
				CLANG_WARN_DOCUMENTATION_COMMENTS = YES;
				CLANG_WARN_EMPTY_BODY = YES;
				CLANG_WARN_ENUM_CONVERSION = YES;
				CLANG_WARN_INFINITE_RECURSION = YES;
				CLANG_WARN_INT_CONVERSION = YES;
				CLANG_WARN_NON_LITERAL_NULL_CONVERSION = YES;
				CLANG_WARN_OBJC_IMPLICIT_RETAIN_SELF = YES;
				CLANG_WARN_OBJC_LITERAL_CONVERSION = YES;
				CLANG_WARN_OBJC_ROOT_CLASS = YES_ERROR;
				CLANG_WARN_QUOTED_INCLUDE_IN_FRAMEWORK_HEADER = YES;
				CLANG_WARN_RANGE_LOOP_ANALYSIS = YES;
				CLANG_WARN_STRICT_PROTOTYPES = YES;
				CLANG_WARN_SUSPICIOUS_MOVE = YES;
				CLANG_WARN_UNGUARDED_AVAILABILITY = YES_AGGRESSIVE;
				CLANG_WARN_UNREACHABLE_CODE = YES;
				CLANG_WARN__DUPLICATE_METHOD_MATCH = YES;
				COPY_PHASE_STRIP = NO;
				DEBUG_INFORMATION_FORMAT = dwarf;
				ENABLE_STRICT_OBJC_MSGSEND = YES;
				ENABLE_TESTABILITY = YES;
				ENABLE_USER_SCRIPT_SANDBOXING = YES;
				GCC_C_LANGUAGE_STANDARD = gnu17;
				GCC_DYNAMIC_NO_PIC = NO;
				GCC_NO_COMMON_BLOCKS = YES;
				GCC_OPTIMIZATION_LEVEL = 0;
				GCC_PREPROCESSOR_DEFINITIONS = (
					"DEBUG=1",
					"$(inherited)",
				);
				GCC_WARN_64_TO_32_BIT_CONVERSION = YES;
				GCC_WARN_ABOUT_RETURN_TYPE = YES_ERROR;
				GCC_WARN_UNDECLARED_SELECTOR = YES;
				GCC_WARN_UNINITIALIZED_AUTOS = YES_AGGRESSIVE;
				GCC_WARN_UNUSED_FUNCTION = YES;
				GCC_WARN_UNUSED_VARIABLE = YES;
				IPHONEOS_DEPLOYMENT_TARGET = 17.0;
				LOCALIZATION_PREFERS_STRING_CATALOGS = YES;
				MTL_ENABLE_DEBUG_INFO = INCLUDE_SOURCE;
				MTL_FAST_MATH = YES;
				ONLY_ACTIVE_ARCH = YES;
				SDKROOT = iphoneos;
				SWIFT_ACTIVE_COMPILATION_CONDITIONS = "DEBUG $(inherited)";
				SWIFT_OPTIMIZATION_LEVEL = "-Onone";
			};
			name = Debug;
		};
		C580F2202B0D0950001E0F4B /* Release */ = {
			isa = XCBuildConfiguration;
			buildSettings = {
				ALWAYS_SEARCH_USER_PATHS = NO;
				ASSETCATALOG_COMPILER_GENERATE_SWIFT_ASSET_SYMBOL_EXTENSIONS = YES;
				CLANG_ANALYZER_NONNULL = YES;
				CLANG_ANALYZER_NUMBER_OBJECT_CONVERSION = YES_AGGRESSIVE;
				CLANG_CXX_LANGUAGE_STANDARD = "gnu++20";
				CLANG_ENABLE_MODULES = YES;
				CLANG_ENABLE_OBJC_ARC = YES;
				CLANG_ENABLE_OBJC_WEAK = YES;
				CLANG_WARN_BLOCK_CAPTURE_AUTORELEASING = YES;
				CLANG_WARN_BOOL_CONVERSION = YES;
				CLANG_WARN_COMMA = YES;
				CLANG_WARN_CONSTANT_CONVERSION = YES;
				CLANG_WARN_DEPRECATED_OBJC_IMPLEMENTATIONS = YES;
				CLANG_WARN_DIRECT_OBJC_ISA_USAGE = YES_ERROR;
				CLANG_WARN_DOCUMENTATION_COMMENTS = YES;
				CLANG_WARN_EMPTY_BODY = YES;
				CLANG_WARN_ENUM_CONVERSION = YES;
				CLANG_WARN_INFINITE_RECURSION = YES;
				CLANG_WARN_INT_CONVERSION = YES;
				CLANG_WARN_NON_LITERAL_NULL_CONVERSION = YES;
				CLANG_WARN_OBJC_IMPLICIT_RETAIN_SELF = YES;
				CLANG_WARN_OBJC_LITERAL_CONVERSION = YES;
				CLANG_WARN_OBJC_ROOT_CLASS = YES_ERROR;
				CLANG_WARN_QUOTED_INCLUDE_IN_FRAMEWORK_HEADER = YES;
				CLANG_WARN_RANGE_LOOP_ANALYSIS = YES;
				CLANG_WARN_STRICT_PROTOTYPES = YES;
				CLANG_WARN_SUSPICIOUS_MOVE = YES;
				CLANG_WARN_UNGUARDED_AVAILABILITY = YES_AGGRESSIVE;
				CLANG_WARN_UNREACHABLE_CODE = YES;
				CLANG_WARN__DUPLICATE_METHOD_MATCH = YES;
				COPY_PHASE_STRIP = NO;
				DEBUG_INFORMATION_FORMAT = "dwarf-with-dsym";
				ENABLE_NS_ASSERTIONS = NO;
				ENABLE_STRICT_OBJC_MSGSEND = YES;
				ENABLE_USER_SCRIPT_SANDBOXING = YES;
				GCC_C_LANGUAGE_STANDARD = gnu17;
				GCC_NO_COMMON_BLOCKS = YES;
				GCC_WARN_64_TO_32_BIT_CONVERSION = YES;
				GCC_WARN_ABOUT_RETURN_TYPE = YES_ERROR;
				GCC_WARN_UNDECLARED_SELECTOR = YES;
				GCC_WARN_UNINITIALIZED_AUTOS = YES_AGGRESSIVE;
				GCC_WARN_UNUSED_FUNCTION = YES;
				GCC_WARN_UNUSED_VARIABLE = YES;
				IPHONEOS_DEPLOYMENT_TARGET = 17.0;
				LOCALIZATION_PREFERS_STRING_CATALOGS = YES;
				MTL_ENABLE_DEBUG_INFO = NO;
				MTL_FAST_MATH = YES;
				SDKROOT = iphoneos;
				SWIFT_COMPILATION_MODE = wholemodule;
				VALIDATE_PRODUCT = YES;
			};
			name = Release;
		};
		C580F2222B0D0950001E0F4B /* Debug */ = {
			isa = XCBuildConfiguration;
			buildSettings = {
				ASSETCATALOG_COMPILER_APPICON_NAME = AppIcon;
				ASSETCATALOG_COMPILER_GLOBAL_ACCENT_COLOR_NAME = AccentColor;
				CODE_SIGN_STYLE = Automatic;
				CURRENT_PROJECT_VERSION = 1;
				DEVELOPMENT_ASSET_PATHS = "\"Landmarks/Preview Content\"";
				ENABLE_PREVIEWS = YES;
				GENERATE_INFOPLIST_FILE = YES;
				INFOPLIST_KEY_UIApplicationSceneManifest_Generation = YES;
				INFOPLIST_KEY_UIApplicationSupportsIndirectInputEvents = YES;
				INFOPLIST_KEY_UILaunchScreen_Generation = YES;
				INFOPLIST_KEY_UISupportedInterfaceOrientations_iPad = "UIInterfaceOrientationPortrait UIInterfaceOrientationPortraitUpsideDown UIInterfaceOrientationLandscapeLeft UIInterfaceOrientationLandscapeRight";
				INFOPLIST_KEY_UISupportedInterfaceOrientations_iPhone = "UIInterfaceOrientationPortrait UIInterfaceOrientationLandscapeLeft UIInterfaceOrientationLandscapeRight";
				LD_RUNPATH_SEARCH_PATHS = (
					"$(inherited)",
					"@executable_path/Frameworks",
				);
				MARKETING_VERSION = 1.0;
				PRODUCT_BUNDLE_IDENTIFIER = com.msseock.Landmarks;
				PRODUCT_NAME = "$(TARGET_NAME)";
				SWIFT_EMIT_LOC_STRINGS = YES;
				SWIFT_VERSION = 5.0;
				TARGETED_DEVICE_FAMILY = "1,2";
			};
			name = Debug;
		};
		C580F2232B0D0950001E0F4B /* Release */ = {
			isa = XCBuildConfiguration;
			buildSettings = {
				ASSETCATALOG_COMPILER_APPICON_NAME = AppIcon;
				ASSETCATALOG_COMPILER_GLOBAL_ACCENT_COLOR_NAME = AccentColor;
				CODE_SIGN_STYLE = Automatic;
				CURRENT_PROJECT_VERSION = 1;
				DEVELOPMENT_ASSET_PATHS = "\"Landmarks/Preview Content\"";
				ENABLE_PREVIEWS = YES;
				GENERATE_INFOPLIST_FILE = YES;
				INFOPLIST_KEY_UIApplicationSceneManifest_Generation = YES;
				INFOPLIST_KEY_UIApplicationSupportsIndirectInputEvents = YES;
				INFOPLIST_KEY_UILaunchScreen_Generation = YES;
				INFOPLIST_KEY_UISupportedInterfaceOrientations_iPad = "UIInterfaceOrientationPortrait UIInterfaceOrientationPortraitUpsideDown UIInterfaceOrientationLandscapeLeft UIInterfaceOrientationLandscapeRight";
				INFOPLIST_KEY_UISupportedInterfaceOrientations_iPhone = "UIInterfaceOrientationPortrait UIInterfaceOrientationLandscapeLeft UIInterfaceOrientationLandscapeRight";
				LD_RUNPATH_SEARCH_PATHS = (
					"$(inherited)",
					"@executable_path/Frameworks",
				);
				MARKETING_VERSION = 1.0;
				PRODUCT_BUNDLE_IDENTIFIER = com.msseock.Landmarks;
				PRODUCT_NAME = "$(TARGET_NAME)";
				SWIFT_EMIT_LOC_STRINGS = YES;
				SWIFT_VERSION = 5.0;
				TARGETED_DEVICE_FAMILY = "1,2";
			};
			name = Release;
		};
/* End XCBuildConfiguration section */

/* Begin XCConfigurationList section */
		C580F20E2B0D094E001E0F4B /* Build configuration list for PBXProject "Landmarks" */ = {
			isa = XCConfigurationList;
			buildConfigurations = (
				C580F21F2B0D0950001E0F4B /* Debug */,
				C580F2202B0D0950001E0F4B /* Release */,
			);
			defaultConfigurationIsVisible = 0;
			defaultConfigurationName = Release;
		};
		C580F2212B0D0950001E0F4B /* Build configuration list for PBXNativeTarget "Landmarks" */ = {
			isa = XCConfigurationList;
			buildConfigurations = (
				C580F2222B0D0950001E0F4B /* Debug */,
				C580F2232B0D0950001E0F4B /* Release */,
			);
			defaultConfigurationIsVisible = 0;
			defaultConfigurationName = Release;
		};
/* End XCConfigurationList section */
	};
	rootObject = C580F20B2B0D094E001E0F4B /* Project object */;
}
